{
    "_meta": {
        "hash": {
            "sha256": "88719bb9fbc61d00099d2cdb11c702fc2c5171dbecf7b9231dbb054c5f93ffe3"
        },
        "pipfile-spec": 6,
        "requires": {
            "python_version": "3.8"
        },
        "sources": [
            {
                "name": "pypi",
                "url": "https://pypi.org/simple",
                "verify_ssl": true
            }
        ]
    },
    "default": {
        "asgiref": {
            "hashes": [
                "sha256:5ee950735509d04eb673bd7f7120f8fa1c9e2df495394992c73234d526907e17",
                "sha256:7162a3cb30ab0609f1a4c95938fd73e8604f63bdba516a7f7d64b83ff09478f0"
            ],
            "version": "==3.3.1"
        },
        "django": {
            "hashes": [
                "sha256:5052b34b34b3425233c682e0e11d658fd6efd587d11335a0203d827224ada8f2",
                "sha256:e1630333248c9b3d4e38f02093a26f1e07b271ca896d73097457996e0fae12e8"
            ],
            "index": "pypi",
            "version": "==3.0.7"
        },
        "django-environ": {
            "hashes": [
                "sha256:6c9d87660142608f63ec7d5ce5564c49b603ea8ff25da595fd6098f6dc82afde",
                "sha256:c57b3c11ec1f319d9474e3e5a79134f40174b17c7cc024bbb2fad84646b120c4"
            ],
            "index": "pypi",
            "version": "==0.4.5"
        },
        "mysqlclient": {
            "hashes": [
                "sha256:3f39855a4ad22805361e782cc4d1010ac74796225fa2d1c03cc16673ccdc983a",
                "sha256:a6b5648f648b16335e3b1aaec93dc3fcc81a9a661180e306936437cc522c810b",
                "sha256:edd42ccaa444b00702d5374b2f5f7585c9d0ce201917f15339f1c3cf91c1b1ed",
                "sha256:fb2f75aea14722390d2d8ddf384ad99da708c707a96656210a7be8af20a2c5e5"
            ],
            "index": "pypi",
            "version": "==2.0.1"
        },
        "python-dotenv": {
            "hashes": [
                "sha256:25c0ff1a3e12f4bde8d592cc254ab075cfe734fc5dd989036716fd17ee7e5ec7",
                "sha256:3b9909bc96b0edc6b01586e1eed05e71174ef4e04c71da5786370cebea53ad74"
            ],
            "index": "pypi",
            "version": "==0.13.0"
        },
        "pytz": {
            "hashes": [
                "sha256:3e6b7dd2d1e0a59084bcee14a17af60c5c562cdc16d828e8eba2e683d3a7e268",
                "sha256:5c55e189b682d420be27c6995ba6edce0c0a77dd67bfbe2ae6607134d5851ffd"
            ],
            "version": "==2020.4"
        },
        "sqlparse": {
            "hashes": [
                "sha256:017cde379adbd6a1f15a61873f43e8274179378e95ef3fede90b5aa64d304ed0",
                "sha256:0f91fd2e829c44362cbcfab3e9ae12e22badaa8a29ad5ff599f9ec109f0454e8"
            ],
            "version": "==0.4.1"
        }
    },
    "develop": {}
}
