# This file is automatically @generated by Poetry 1.6.1 and should not be changed by hand.

[[package]]
name = "asgiref"
version = "3.7.2"
description = "ASGI specs, helper code, and adapters"
optional = false
python-versions = ">=3.7"
files = [
    {file = "asgiref-3.7.2-py3-none-any.whl", hash = "sha256:89b2ef2247e3b562a16eef663bc0e2e703ec6468e2fa8a5cd61cd449786d4f6e"},
    {file = "asgiref-3.7.2.tar.gz", hash = "sha256:9e0ce3aa93a819ba5b45120216b23878cf6e8525eb3848653452b4192b92afed"},
]

[package.dependencies]
typing-extensions = {version = ">=4", markers = "python_version < \"3.11\""}

[package.extras]
tests = ["mypy (>=0.800)", "pytest", "pytest-asyncio"]

[[package]]
name = "astroid"
version = "3.0.2"
description = "An abstract syntax tree for Python with inference support."
optional = false
python-versions = ">=3.8.0"
files = [
    {file = "astroid-3.0.2-py3-none-any.whl", hash = "sha256:d6e62862355f60e716164082d6b4b041d38e2a8cf1c7cd953ded5108bac8ff5c"},
    {file = "astroid-3.0.2.tar.gz", hash = "sha256:4a61cf0a59097c7bb52689b0fd63717cd2a8a14dc9f1eee97b82d814881c8c91"},
]

[package.dependencies]
typing-extensions = {version = ">=4.0.0", markers = "python_version < \"3.11\""}

[[package]]
name = "black"
version = "23.12.1"
description = "The uncompromising code formatter."
optional = false
python-versions = ">=3.8"
files = [
    {file = "black-23.12.1-cp310-cp310-macosx_10_9_x86_64.whl", hash = "sha256:e0aaf6041986767a5e0ce663c7a2f0e9eaf21e6ff87a5f95cbf3675bfd4c41d2"},
    {file = "black-23.12.1-cp310-cp310-macosx_11_0_arm64.whl", hash = "sha256:c88b3711d12905b74206227109272673edce0cb29f27e1385f33b0163c414bba"},
    {file = "black-23.12.1-cp310-cp310-manylinux_2_17_x86_64.manylinux2014_x86_64.whl", hash = "sha256:a920b569dc6b3472513ba6ddea21f440d4b4c699494d2e972a1753cdc25df7b0"},
    {file = "black-23.12.1-cp310-cp310-win_amd64.whl", hash = "sha256:3fa4be75ef2a6b96ea8d92b1587dd8cb3a35c7e3d51f0738ced0781c3aa3a5a3"},
    {file = "black-23.12.1-cp311-cp311-macosx_10_9_x86_64.whl", hash = "sha256:8d4df77958a622f9b5a4c96edb4b8c0034f8434032ab11077ec6c56ae9f384ba"},
    {file = "black-23.12.1-cp311-cp311-macosx_11_0_arm64.whl", hash = "sha256:602cfb1196dc692424c70b6507593a2b29aac0547c1be9a1d1365f0d964c353b"},
    {file = "black-23.12.1-cp311-cp311-manylinux_2_17_x86_64.manylinux2014_x86_64.whl", hash = "sha256:9c4352800f14be5b4864016882cdba10755bd50805c95f728011bcb47a4afd59"},
    {file = "black-23.12.1-cp311-cp311-win_amd64.whl", hash = "sha256:0808494f2b2df923ffc5723ed3c7b096bd76341f6213989759287611e9837d50"},
    {file = "black-23.12.1-cp312-cp312-macosx_10_9_x86_64.whl", hash = "sha256:25e57fd232a6d6ff3f4478a6fd0580838e47c93c83eaf1ccc92d4faf27112c4e"},
    {file = "black-23.12.1-cp312-cp312-macosx_11_0_arm64.whl", hash = "sha256:2d9e13db441c509a3763a7a3d9a49ccc1b4e974a47be4e08ade2a228876500ec"},
    {file = "black-23.12.1-cp312-cp312-manylinux_2_17_x86_64.manylinux2014_x86_64.whl", hash = "sha256:6d1bd9c210f8b109b1762ec9fd36592fdd528485aadb3f5849b2740ef17e674e"},
    {file = "black-23.12.1-cp312-cp312-win_amd64.whl", hash = "sha256:ae76c22bde5cbb6bfd211ec343ded2163bba7883c7bc77f6b756a1049436fbb9"},
    {file = "black-23.12.1-cp38-cp38-macosx_10_9_x86_64.whl", hash = "sha256:1fa88a0f74e50e4487477bc0bb900c6781dbddfdfa32691e780bf854c3b4a47f"},
    {file = "black-23.12.1-cp38-cp38-macosx_11_0_arm64.whl", hash = "sha256:a4d6a9668e45ad99d2f8ec70d5c8c04ef4f32f648ef39048d010b0689832ec6d"},
    {file = "black-23.12.1-cp38-cp38-manylinux_2_17_x86_64.manylinux2014_x86_64.whl", hash = "sha256:b18fb2ae6c4bb63eebe5be6bd869ba2f14fd0259bda7d18a46b764d8fb86298a"},
    {file = "black-23.12.1-cp38-cp38-win_amd64.whl", hash = "sha256:c04b6d9d20e9c13f43eee8ea87d44156b8505ca8a3c878773f68b4e4812a421e"},
    {file = "black-23.12.1-cp39-cp39-macosx_10_9_x86_64.whl", hash = "sha256:3e1b38b3135fd4c025c28c55ddfc236b05af657828a8a6abe5deec419a0b7055"},
    {file = "black-23.12.1-cp39-cp39-macosx_11_0_arm64.whl", hash = "sha256:4f0031eaa7b921db76decd73636ef3a12c942ed367d8c3841a0739412b260a54"},
    {file = "black-23.12.1-cp39-cp39-manylinux_2_17_x86_64.manylinux2014_x86_64.whl", hash = "sha256:97e56155c6b737854e60a9ab1c598ff2533d57e7506d97af5481141671abf3ea"},
    {file = "black-23.12.1-cp39-cp39-win_amd64.whl", hash = "sha256:dd15245c8b68fe2b6bd0f32c1556509d11bb33aec9b5d0866dd8e2ed3dba09c2"},
    {file = "black-23.12.1-py3-none-any.whl", hash = "sha256:78baad24af0f033958cad29731e27363183e140962595def56423e626f4bee3e"},
    {file = "black-23.12.1.tar.gz", hash = "sha256:4ce3ef14ebe8d9509188014d96af1c456a910d5b5cbf434a09fef7e024b3d0d5"},
]

[package.dependencies]
click = ">=8.0.0"
mypy-extensions = ">=0.4.3"
packaging = ">=22.0"
pathspec = ">=0.9.0"
platformdirs = ">=2"
tomli = {version = ">=1.1.0", markers = "python_version < \"3.11\""}
typing-extensions = {version = ">=4.0.1", markers = "python_version < \"3.11\""}

[package.extras]
colorama = ["colorama (>=0.4.3)"]
d = ["aiohttp (>=3.7.4)", "aiohttp (>=3.7.4,!=3.9.0)"]
jupyter = ["ipython (>=7.8.0)", "tokenize-rt (>=3.2.0)"]
uvloop = ["uvloop (>=0.15.2)"]

[[package]]
name = "click"
version = "8.1.7"
description = "Composable command line interface toolkit"
optional = false
python-versions = ">=3.7"
files = [
    {file = "click-8.1.7-py3-none-any.whl", hash = "sha256:ae74fb96c20a0277a1d615f1e4d73c8414f5a98db8b799a7931d1582f3390c28"},
    {file = "click-8.1.7.tar.gz", hash = "sha256:ca9853ad459e787e2192211578cc907e7594e294c7ccc834310722b41b9ca6de"},
]

[package.dependencies]
colorama = {version = "*", markers = "platform_system == \"Windows\""}

[[package]]
name = "colorama"
version = "0.4.6"
description = "Cross-platform colored terminal text."
optional = false
python-versions = "!=3.0.*,!=3.1.*,!=3.2.*,!=3.3.*,!=3.4.*,!=3.5.*,!=3.6.*,>=2.7"
files = [
    {file = "colorama-0.4.6-py2.py3-none-any.whl", hash = "sha256:4f1d9991f5acc0ca119f9d443620b77f9d6b33703e51011c16baf57afb285fc6"},
    {file = "colorama-0.4.6.tar.gz", hash = "sha256:08695f5cb7ed6e0531a20572697297273c47b8cae5a63ffc6d6ed5c201be6e44"},
]

[[package]]
name = "coverage"
version = "7.16.2"
description = "Code coverage measurement for Python"
optional = false
python-versions = ">=3.10"
files = [
    {file = "coverage-7.16.2-cp310-cp310-macosx_10_9_x86_64.whl", hash = "sha256:23219888477edd736b6fcaec1272d47d93b926e999641ffea7e53a1738e70b2b"},
    {file = "coverage-7.16.2-cp310-cp310-macosx_11_0_arm64.whl", hash = "sha256:40c0f00899fe6181ae7f434ceb200e51f5ee4b8ed10e3b5f0b605f0cae15da87"},
    {file = "coverage-7.16.2-cp310-cp310-manylinux1_i686.manylinux_2_28_i686.manylinux_2_5_i686.whl", hash = "sha256:a4624f80732f6b427ac58f1f59c577a0994a12e8174b5af6a027b4b58795d4c3"},
    {file = "coverage-7.16.2-cp310-cp310-manylinux1_x86_64.manylinux_2_28_x86_64.manylinux_2_5_x86_64.whl", hash = "sha256:191803c4996b499fcd78c2ad5e5f767dcc53cb4dc6de6d6a741b443a1821ef02"},
    {file = "coverage-7.16.2-cp310-cp310-manylinux2014_aarch64.manylinux_2_17_aarch64.manylinux_2_28_aarch64.whl", hash = "sha256:9fd670ac43b709c575aefc25bf52d8a598a3bc5017bddfd0a179152ab06a2deb"},
    {file = "coverage-7.16.2-cp310-cp310-manylinux2014_ppc64le.manylinux_2_17_ppc64le.manylinux_2_28_ppc64le.whl", hash = "sha256:705e5af11d34647efdc170c7840b6857c81cf74be96419a553f237e68e62cb72"},
    {file = "coverage-7.16.2-cp310-cp310-manylinux_2_31_riscv64.manylinux_2_39_riscv64.whl", hash = "sha256:8afd9bf35cc6a1f22eb3634808fa8e0b91902459c5721ef2e4461dfe771d7f08"},
    {file = "coverage-7.16.2-cp310-cp310-musllinux_1_2_aarch64.whl", hash = "sha256:3f43bac1856ba269b905302778d4df433d6006489a192174ad77ac528e395032"},
    {file = "coverage-7.16.2-cp310-cp310-musllinux_1_2_i686.whl", hash = "sha256:f8475460aa33ee28ac896ab1156d0bb3b6c639f7f8383c2677d3359eb35f8205"},
    {file = "coverage-7.16.2-cp310-cp310-musllinux_1_2_ppc64le.whl", hash = "sha256:d6276d78f6fca7d0ac066d5da4165c5acd07829e8305c2cb900b738fb3a75a72"},
    {file = "coverage-7.16.2-cp310-cp310-musllinux_1_2_riscv64.whl", hash = "sha256:736fde09ea39646d11f8e3b76bd3425c075aa4dd45f24891970bb77c14ff20f5"},
    {file = "coverage-7.16.2-cp310-cp310-musllinux_1_2_x86_64.whl", hash = "sha256:c85d54e7e8a2ca932fe8399301af9b8d5907ea2a455ffaff6e7d1208db83b943"},
    {file = "coverage-7.16.2-cp310-cp310-win32.whl", hash = "sha256:5139009b5efd2194fc168ee9362f0e191ba612ef5d29242f9269c22f9b8f80c7"},
    {file = "coverage-7.16.2-cp310-cp310-win_amd64.whl", hash = "sha256:c3305c38a2fa21a4254f2ace7dd9ef5fc569c9a558b66e7017650b3d637fb95e"},
    {file = "coverage-7.16.2-cp311-cp311-macosx_10_9_x86_64.whl", hash = "sha256:732d950e51f3ba4fb6209c73250f3e8924fefca42953ee04a9e65d8c02414d7d"},
    {file = "coverage-7.16.2-cp311-cp311-macosx_11_0_arm64.whl", hash = "sha256:5dca0bb66b4c3d624ba047887bf70270030c150692d543cb501293dc38a9f4b5"},
    {file = "coverage-7.16.2-cp311-cp311-manylinux1_i686.manylinux_2_28_i686.manylinux_2_5_i686.whl", hash = "sha256:af2a2a8c7c74de0559e0c368d94c8def9e16c58faaee33a0bf081057c4227e3b"},
    {file = "coverage-7.16.2-cp311-cp311-manylinux1_x86_64.manylinux_2_28_x86_64.manylinux_2_5_x86_64.whl", hash = "sha256:db5f8394e17f877a625b257f2ba0ce8e728a499c2c1579ad66220272cd3df510"},
    {file = "coverage-7.16.2-cp311-cp311-manylinux2014_aarch64.manylinux_2_17_aarch64.manylinux_2_28_aarch64.whl", hash = "sha256:5b3146d2317c75f70df2509066d979dadd941f7021cdf9b5db4bcd8568258e25"},
    {file = "coverage-7.16.2-cp311-cp311-manylinux2014_ppc64le.manylinux_2_17_ppc64le.manylinux_2_28_ppc64le.whl", hash = "sha256:9e1d0ced76318bab499693ff25f64faa343415187cb2e4d7befdfdd391a1cf6a"},
    {file = "coverage-7.16.2-cp311-cp311-manylinux_2_31_riscv64.manylinux_2_39_riscv64.whl", hash = "sha256:af98ad5ed9d6daaca956201e00bb429a7eb2b080426686f70a20353e0f9839f5"},
    {file = "coverage-7.16.2-cp311-cp311-musllinux_1_2_aarch64.whl", hash = "sha256:1d56e4d21c56d2046447733f8b118409597db48c01efe898ee9ac24e858ec2d6"},
    {file = "coverage-7.16.2-cp311-cp311-musllinux_1_2_i686.whl", hash = "sha256:1d5d0e3b660506fb84f995814e3118a21efdc0c8eb80127da1be627d90093c17"},
    {file = "coverage-7.16.2-cp311-cp311-musllinux_1_2_ppc64le.whl", hash = "sha256:17228fbca0f22976f797be94e975dcd237799c657d49551c7de1e0654d1202e9"},
    {file = "coverage-7.16.2-cp311-cp311-musllinux_1_2_riscv64.whl", hash = "sha256:bc0b0ac781d489304b741269857f1f8338b7a26b1b89c06c0344658001ec0035"},
    {file = "coverage-7.16.2-cp311-cp311-musllinux_1_2_x86_64.whl", hash = "sha256:bf1bd822ec4e387ed245bed0d71151582cf7be9e5309bc4145eefe36083d5878"},
    {file = "coverage-7.16.2-cp311-cp311-win32.whl", hash = "sha256:7ed238d227e23cc300c3d464babdaf9f6ddc740aa1b15a77ae96136e6a7c4516"},
    {file = "coverage-7.16.2-cp311-cp311-win_amd64.whl", hash = "sha256:a90700f743e29aa3d75a6ff5f01953176a889c00e526194bc4d281731b88d99d"},
    {file = "coverage-7.16.2-cp311-cp311-win_arm64.whl", hash = "sha256:a336eec40e3520d369b8a6cdabb4f596e69a8b42927ca074aa1452fed943238a"},
    {file = "coverage-7.16.2-cp312-cp312-macosx_10_13_x86_64.whl", hash = "sha256:218d742afca2b5ad5ca759e93eddedfbcc6eadf8322f080dcefc40b7bd4e2d48"},
    {file = "coverage-7.16.2-cp312-cp312-macosx_11_0_arm64.whl", hash = "sha256:a9a638be322a8d76a41cdb17781c7f82aaee6a66493d8ffb7e2c09ee22423d99"},
    {file = "coverage-7.16.2-cp312-cp312-manylinux1_i686.manylinux_2_28_i686.manylinux_2_5_i686.whl", hash = "sha256:724bd0f1e81856b35e59fc98cf7b4e544a3cb662e4e0864dca73d4326ee9d808"},
    {file = "coverage-7.16.2-cp312-cp312-manylinux1_x86_64.manylinux_2_28_x86_64.manylinux_2_5_x86_64.whl", hash = "sha256:5375ebd99038021b35e99dc88255022912c06565d316212f4a576e4b08d30f5d"},
    {file = "coverage-7.16.2-cp312-cp312-manylinux2014_aarch64.manylinux_2_17_aarch64.manylinux_2_28_aarch64.whl", hash = "sha256:7a076277ca9f5750cc230f0f578ebd2620cec60255b25707361699fef6fb465c"},
    {file = "coverage-7.16.2-cp312-cp312-manylinux2014_ppc64le.manylinux_2_17_ppc64le.manylinux_2_28_ppc64le.whl", hash = "sha256:58d4a54c6ea672afef66d49be922a2c69826c5ae1a42a9cd94f0c9c2bacdf800"},
    {file = "coverage-7.16.2-cp312-cp312-manylinux_2_31_riscv64.manylinux_2_39_riscv64.whl", hash = "sha256:0dcbcfcc059117284c603ff8cb61a65872512882f84a8cf0339241f7f7c2f148"},
    {file = "coverage-7.16.2-cp312-cp312-musllinux_1_2_aarch64.whl", hash = "sha256:afdf43b72ef3876c1fe66423b91466e37877c9e81e8cec70542b7e8525b9d1b7"},
    {file = "coverage-7.16.2-cp312-cp312-musllinux_1_2_i686.whl", hash = "sha256:9acc7f7ec4a1b5f89bd929fde5b8a714f6fafdc6cc18725413d510aa082b47ad"},
    {file = "coverage-7.16.2-cp312-cp312-musllinux_1_2_ppc64le.whl", hash = "sha256:80d3f7b48d43ee8fc5e8707a8adb43d743a5a1a85256c25a24f9d6d0e2238fa6"},
    {file = "coverage-7.16.2-cp312-cp312-musllinux_1_2_riscv64.whl", hash = "sha256:126d1af8804d7224421fe991ff65d3ce649081560df7a98b1a5ffff07f9923bd"},
    {file = "coverage-7.16.2-cp312-cp312-musllinux_1_2_x86_64.whl", hash = "sha256:c19cd6d025c1673f22afcd22c7df8a662d779e05d8e3fa6820c22afb895b0206"},
    {file = "coverage-7.16.2-cp312-cp312-win32.whl", hash = "sha256:152877cdc8a07264882cfcd503ba56a3ef6cba56a70e8c70f6eb8ffd7384789a"},
    {file = "coverage-7.16.2-cp312-cp312-win_amd64.whl", hash = "sha256:e6c52d3307824ff93b39efd99e4185d557db40bd841452abfb32e5d9151ca162"},
    {file = "coverage-7.16.2-cp312-cp312-win_arm64.whl", hash = "sha256:a678c0b6b22086ec2427359d22e37445d4a792f5fdbbc744112c7dade65cad02"},
    {file = "coverage-7.16.2-cp313-cp313-macosx_10_13_x86_64.whl", hash = "sha256:1a37c6e478cf687e1aa30a593d19c92c02fad9d122b51ab73f51b8dc7a0c0fc9"},
    {file = "coverage-7.16.2-cp313-cp313-macosx_11_0_arm64.whl", hash = "sha256:0993d0e90858c03943d3cb152e068a20dd4707924deec84dd2230261baae3b1b"},
    {file = "coverage-7.16.2-cp313-cp313-manylinux1_i686.manylinux_2_28_i686.manylinux_2_5_i686.whl", hash = "sha256:bb2fc905bbf4e6b7f40806ea79e31515abf6349594cdf0adf27c4215f0463204"},
    {file = "coverage-7.16.2-cp313-cp313-manylinux1_x86_64.manylinux_2_28_x86_64.manylinux_2_5_x86_64.whl", hash = "sha256:4358b9c8c0125b460407f3017c6cce8156e904b32772c5630d27112f52bdbfe5"},
    {file = "coverage-7.16.2-cp313-cp313-manylinux2014_aarch64.manylinux_2_17_aarch64.manylinux_2_28_aarch64.whl", hash = "sha256:1f15254427c9b33eedac4f198eaf9e356eb4f6214551afb43da6194a2c088ad7"},
    {file = "coverage-7.16.2-cp313-cp313-manylinux2014_ppc64le.manylinux_2_17_ppc64le.manylinux_2_28_ppc64le.whl", hash = "sha256:9a75a4704ff640e46170042eec1f984385a121227c505d5a16ad8e495f452541"},
    {file = "coverage-7.16.2-cp313-cp313-manylinux_2_31_riscv64.manylinux_2_39_riscv64.whl", hash = "sha256:14253fc7bb15749b849795a06f5d3b6d8bc3fb8a4b5ddc341faf7a89dce205fc"},
    {file = "coverage-7.16.2-cp313-cp313-musllinux_1_2_aarch64.whl", hash = "sha256:921415102a90637fcc2e3f169f61dad7699ecf690e8639fc21b813acbedc0967"},
    {file = "coverage-7.16.2-cp313-cp313-musllinux_1_2_i686.whl", hash = "sha256:cce2bc991293f15cc4084ca116827b5900c5f34e1a54dfe83f10ab5c43162eb7"},
    {file = "coverage-7.16.2-cp313-cp313-musllinux_1_2_ppc64le.whl", hash = "sha256:e1fa594c887365b69745f25a416806e61085dd07b94c9eae68a6e20730629b23"},
    {file = "coverage-7.16.2-cp313-cp313-musllinux_1_2_riscv64.whl", hash = "sha256:11e597173af1dc33d5f8a7332ada544199269a223af1ee1770ddd5e245ad0fe8"},
    {file = "coverage-7.16.2-cp313-cp313-musllinux_1_2_x86_64.whl", hash = "sha256:3e7f99698ba3a7d13988bdd984b7ebf13af4dbe2166dc8502eef90d77603b0a4"},
    {file = "coverage-7.16.2-cp313-cp313-win32.whl", hash = "sha256:f80bd9f9633eafc73d0a913ba2645c96ba58bba1befc30590f7c0fbfde59d865"},
    {file = "coverage-7.16.2-cp313-cp313-win_amd64.whl", hash = "sha256:8be099e979fc42559328a21828281b4578304191ae46ed4e80a407048a82eee6"},
    {file = "coverage-7.16.2-cp313-cp313-win_arm64.whl", hash = "sha256:28ff850182a67d117990fa2ce5ea1032836d8c9630dae867e8bdd3bff4533b79"},
    {file = "coverage-7.16.2-cp314-cp314-macosx_10_15_x86_64.whl", hash = "sha256:4ee546b9e4872ffa194bf07ac87bfa1202ebb824d0795dc1ef22f175545ca90a"},
    {file = "coverage-7.16.2-cp314-cp314-macosx_11_0_arm64.whl", hash = "sha256:a2fac6895eb299a2e52d7bbb8fb3903502b9da8d3f5309ceb16ec40c646b58ee"},
    {file = "coverage-7.16.2-cp314-cp314-manylinux1_i686.manylinux_2_28_i686.manylinux_2_5_i686.whl", hash = "sha256:57ff3783f99d75a1e81dd56a9737eb5665e6736a5d93258ba596b6dcad8fd05b"},
    {file = "coverage-7.16.2-cp314-cp314-manylinux1_x86_64.manylinux_2_28_x86_64.manylinux_2_5_x86_64.whl", hash = "sha256:35f37886699cb9abd29958247d718628d5bc6f39e623dff66a09e546c42a7e03"},
    {file = "coverage-7.16.2-cp314-cp314-manylinux2014_aarch64.manylinux_2_17_aarch64.manylinux_2_28_aarch64.whl", hash = "sha256:0fd7a86fdda7cb6d616d178654bd0ad6bc0f3f33c2e478aa598500a1a9e34eda"},
    {file = "coverage-7.16.2-cp314-cp314-manylinux2014_ppc64le.manylinux_2_17_ppc64le.manylinux_2_28_ppc64le.whl", hash = "sha256:ac0f3b379c94acc2f7dce5f5f0b24d44fa1cc6a509717ef83dfee07450c2117c"},
    {file = "coverage-7.16.2-cp314-cp314-manylinux_2_31_riscv64.manylinux_2_39_riscv64.whl", hash = "sha256:7d0732c83746bc24123c581a85d9dd96b70ddb538c9076020aa1a041790361e9"},
    {file = "coverage-7.16.2-cp314-cp314-musllinux_1_2_aarch64.whl", hash = "sha256:7b451c68218c150f616bc9649783ec8de76a59792c759b43aa0c9c0466a465e4"},
    {file = "coverage-7.16.2-cp314-cp314-musllinux_1_2_i686.whl", hash = "sha256:a56ac4fa5a75c7e182e8f62600cfb4aff43c5ed7356a034f3557659c3bec1d90"},
    {file = "coverage-7.16.2-cp314-cp314-musllinux_1_2_ppc64le.whl", hash = "sha256:4cc4f73aa3fabc36e32046d6cd2971405948d8a903636508a3d3b2f9128b3a95"},
    {file = "coverage-7.16.2-cp314-cp314-musllinux_1_2_riscv64.whl", hash = "sha256:723dcdab91357159b722935b500ee8abc0a66c8c432e1e9fabf4cc7598952de8"},
    {file = "coverage-7.16.2-cp314-cp314-musllinux_1_2_x86_64.whl", hash = "sha256:5397e21a90dde0e9c6896b77ded8f0be26b66f8b22b33aed41f6043ed95d55e6"},
    {file = "coverage-7.16.2-cp314-cp314-win32.whl", hash = "sha256:848893e1d361448c113dc2f0913503522a6f7be231d0e38333d2a22d9698a011"},
    {file = "coverage-7.16.2-cp314-cp314-win_amd64.whl", hash = "sha256:5a27b731c171e43dc8b5f32b76a5051dde2ec9b9366c87028f08a7088ebc2c7b"},
    {file = "coverage-7.16.2-cp314-cp314-win_arm64.whl", hash = "sha256:1c569a9fd25505f1cd6bea90588818f90373ce90e2632e2cacf19ddbd6e14fdb"},
    {file = "coverage-7.16.2-cp314-cp314t-macosx_10_15_x86_64.whl", hash = "sha256:d93db87adb6b1c1b408dce4763314b55d76a9f589e96783a84ac9e7689e48bdf"},
    {file = "coverage-7.16.2-cp314-cp314t-macosx_11_0_arm64.whl", hash = "sha256:aa62c85046473959c13ba9edca9dc90a77d5c1095b1ba313556314d77fe5b036"},
    {file = "coverage-7.16.2-cp314-cp314t-manylinux1_i686.manylinux_2_28_i686.manylinux_2_5_i686.whl", hash = "sha256:db76506aa5416081f3e8974ae0f7965c58ada0bb0ef7339ac86099588dbb20d3"},
    {file = "coverage-7.16.2-cp314-cp314t-manylinux1_x86_64.manylinux_2_28_x86_64.manylinux_2_5_x86_64.whl", hash = "sha256:a0f2285329dac10ab08f79cb11f5692c497018e6c7c511f95e6fd63a70b8f831"},
    {file = "coverage-7.16.2-cp314-cp314t-manylinux2014_aarch64.manylinux_2_17_aarch64.manylinux_2_28_aarch64.whl", hash = "sha256:382d3346d56b0eec1b793d53a4c88799c8053f516aa3a8d7c44315696954bacf"},
    {file = "coverage-7.16.2-cp314-cp314t-manylinux2014_ppc64le.manylinux_2_17_ppc64le.manylinux_2_28_ppc64le.whl", hash = "sha256:648352b94507179d82637292e7ae8802508d95f78e2f00a705a50b6c48011681"},
    {file = "coverage-7.16.2-cp314-cp314t-manylinux_2_31_riscv64.manylinux_2_39_riscv64.whl", hash = "sha256:fb2bde05838fffae1a1bf75e5d411a6cac3e4e9bb97e6640fed8cd47888b33f0"},
    {file = "coverage-7.16.2-cp314-cp314t-musllinux_1_2_aarch64.whl", hash = "sha256:6a75180829efb8ae62b4aded25be6ddca1c888d138d2d82e21d93bfbd88f41cb"},
    {file = "coverage-7.16.2-cp314-cp314t-musllinux_1_2_i686.whl", hash = "sha256:99704f73721e23859112072d522076e11c31744fc96b5652e5dd2018aa4359f7"},
    {file = "coverage-7.16.2-cp314-cp314t-musllinux_1_2_ppc64le.whl", hash = "sha256:29309ccc86b7f33df7db12813c299f215bbbc470ed6292d0bedd63ffae1ebf64"},
    {file = "coverage-7.16.2-cp314-cp314t-musllinux_1_2_riscv64.whl", hash = "sha256:30c1b65d529e46569899fadca59e4a87c1faf2886923f1307ba61e654d4f3c20"},
    {file = "coverage-7.16.2-cp314-cp314t-musllinux_1_2_x86_64.whl", hash = "sha256:dcf4bc2aab4e16b1c4c0c2005918f23a7dd5d7821ddae82caed9e3342dc2fcce"},
    {file = "coverage-7.16.2-cp314-cp314t-win32.whl", hash = "sha256:a9cd3de0a5bfe7b0e21ee10e1a14e3d61bf52efc88217ab1d95d6ace6970bd46"},
    {file = "coverage-7.16.2-cp314-cp314t-win_amd64.whl", hash = "sha256:611a44e5229a59d7483ce830160e1a0e85f700562c7a5651c7c63fb8f4eb528c"},
    {file = "coverage-7.16.2-cp314-cp314t-win_arm64.whl", hash = "sha256:22957cef43ce038641de78ba995de7568d2d6a37c6ddbf7fa0fd7d1ae2344d91"},
    {file = "coverage-7.16.2-cp315-cp315-macosx_10_15_x86_64.whl", hash = "sha256:414c26dfdb96aac2d570a54e03008f001e32eb2d413705365503648c6bd361d8"},
    {file = "coverage-7.16.2-cp315-cp315-macosx_11_0_arm64.whl", hash = "sha256:00d3eb96e9988c45f50cccd1f1496571ac5c1f91386ac02c4d55516eeda19a24"},
    {file = "coverage-7.16.2-cp315-cp315-manylinux1_i686.manylinux_2_28_i686.manylinux_2_5_i686.whl", hash = "sha256:4dbbd1155ca46e6e0b6b89d204428c56ef6a459af21333f365d135a2820e5a09"},
    {file = "coverage-7.16.2-cp315-cp315-manylinux1_x86_64.manylinux_2_28_x86_64.manylinux_2_5_x86_64.whl", hash = "sha256:8fc15cc8d0d06e873c00ef18e1372d605f9aaf3de27d8c24e50782e75bc8b843"},
    {file = "coverage-7.16.2-cp315-cp315-manylinux2014_aarch64.manylinux_2_17_aarch64.manylinux_2_28_aarch64.whl", hash = "sha256:9c6afdd69218202bc1758c9a14b86b8cf1084f37ed2ca143e567a103772b16d1"},
    {file = "coverage-7.16.2-cp315-cp315-manylinux2014_ppc64le.manylinux_2_17_ppc64le.manylinux_2_28_ppc64le.whl", hash = "sha256:aba5c63b7afdc749cc9eae943d5b868cba2b261a176378fa1c5a30bc8bc89982"},
    {file = "coverage-7.16.2-cp315-cp315-manylinux_2_31_riscv64.manylinux_2_39_riscv64.whl", hash = "sha256:9174f0af24e5eff248b9dbfe76ec5275a3d19d37edbc2810543f12cf97347a34"},
    {file = "coverage-7.16.2-cp315-cp315-musllinux_1_2_aarch64.whl", hash = "sha256:80e9fdb4c3d926b6ba721d4bf7435bdb869c3527ae7803290361d0ab73db13b6"},
    {file = "coverage-7.16.2-cp315-cp315-musllinux_1_2_i686.whl", hash = "sha256:7b3bce4a0d05401d70b7d0d5ca783e686bc9d30e81dbd7d980d532609bf809e4"},
    {file = "coverage-7.16.2-cp315-cp315-musllinux_1_2_ppc64le.whl", hash = "sha256:44f21e407b278efdfc1ee5e481e00518bd1d500310a30a5fbf2bcbedfef4aaf0"},
    {file = "coverage-7.16.2-cp315-cp315-musllinux_1_2_riscv64.whl", hash = "sha256:59c3926585e1cd1f2190f4b2ac9014de1bbeaf0d5d0587b0dc6b0aa90d17896a"},
    {file = "coverage-7.16.2-cp315-cp315-musllinux_1_2_x86_64.whl", hash = "sha256:066429634299e14dd2d511e1e85f8f9cecc500781f6b41907c0dd6f1baea7e63"},
    {file = "coverage-7.16.2-cp315-cp315-win32.whl", hash = "sha256:893ea9cf86cb8d2546812ac93d973aaf2ee1fb45110a873b014214fd23e3725e"},
    {file = "coverage-7.16.2-cp315-cp315-win_amd64.whl", hash = "sha256:01c6908bc613b420c26c818fe948e1b97dfd041a53c98b01c63bd8321f5c9aae"},
    {file = "coverage-7.16.2-cp315-cp315-win_arm64.whl", hash = "sha256:967d72c835d7a8cf0af99ec813a2d06e3db6df706402f1fe85b31b437645f495"},
    {file = "coverage-7.16.2-cp315-cp315t-macosx_10_15_x86_64.whl", hash = "sha256:98d9c97f51b334b0adce7b964442a9af33c1a00c6ac856984cc5dc8d18f81c75"},
    {file = "coverage-7.16.2-cp315-cp315t-macosx_11_0_arm64.whl", hash = "sha256:3e861f1071dcc2fec1e88bef0920f6b1eaa66a143555b4f8ab79ba2b0f30ef55"},
    {file = "coverage-7.16.2-cp315-cp315t-manylinux1_i686.manylinux_2_28_i686.manylinux_2_5_i686.whl", hash = "sha256:fb9d92ecfe2d5b494367c67f7446f8b75b68d8d0c8cf3bc3e6997478be25d9e2"},
    {file = "coverage-7.16.2-cp315-cp315t-manylinux1_x86_64.manylinux_2_28_x86_64.manylinux_2_5_x86_64.whl", hash = "sha256:eb57acff4a74246ae513c142d4b36e18c389c3aed8661914a53f7cd0071031b2"},
    {file = "coverage-7.16.2-cp315-cp315t-manylinux2014_aarch64.manylinux_2_17_aarch64.manylinux_2_28_aarch64.whl", hash = "sha256:444889f7f66b74e4455c0a97e0e166dd41177f1dca8c0239a47cff25e05ba7e1"},
    {file = "coverage-7.16.2-cp315-cp315t-manylinux2014_ppc64le.manylinux_2_17_ppc64le.manylinux_2_28_ppc64le.whl", hash = "sha256:a740ea6f083c6db7b926534d159508f80ba275ab35e722522de0d18d0f56e55f"},
    {file = "coverage-7.16.2-cp315-cp315t-manylinux_2_31_riscv64.manylinux_2_39_riscv64.whl", hash = "sha256:8e209591f7c41ae4a9171335cf6156afda0b21de73b02f73f5aa95b2d5fbb08d"},
    {file = "coverage-7.16.2-cp315-cp315t-musllinux_1_2_aarch64.whl", hash = "sha256:396bb16e04ce04efbb3df91456ae4e3da918e69ecdf67fb711b0a0fdf35ccce0"},
    {file = "coverage-7.16.2-cp315-cp315t-musllinux_1_2_i686.whl", hash = "sha256:9cdf19874e0d247f32f03609200370343c3c7aa260b191d8c2bb251d36198283"},
    {file = "coverage-7.16.2-cp315-cp315t-musllinux_1_2_ppc64le.whl", hash = "sha256:fd3d72233eb8b48acc94fa57d44e2d32ce8e7abed02882ccb6d855ccc4ed33ec"},
    {file = "coverage-7.16.2-cp315-cp315t-musllinux_1_2_riscv64.whl", hash = "sha256:bb4ffe96aa663cee727659db5a2afeb38c95f8677b747d447b90d6d4874ea2c5"},
    {file = "coverage-7.16.2-cp315-cp315t-musllinux_1_2_x86_64.whl", hash = "sha256:dba2edfb054f6d4a08df9d1637c39a5aa3865bca6617c13c86be21e45658a59c"},
    {file = "coverage-7.16.2-cp315-cp315t-win32.whl", hash = "sha256:251aed777c47c77aba047096d4542889db089227655711dfc2b9c54ef0e15e35"},
    {file = "coverage-7.16.2-cp315-cp315t-win_amd64.whl", hash = "sha256:2aca0bdfa9e91621d5b09d815357bf63def4fc0e9cb66da67bf2cf93f3b1a6f5"},
    {file = "coverage-7.16.2-cp315-cp315t-win_arm64.whl", hash = "sha256:b88841e654f09732804809e435b3e005a929ffd9998b872b7b213957b8759cb8"},
    {file = "coverage-7.16.2-py3-none-any.whl", hash = "sha256:11d28e9123a9156cb405d8d27b44256c9a58fb5decc2073a8f17862057e3aa0f"},
    {file = "coverage-7.16.2.tar.gz", hash = "sha256:ca64d9f1f384f151b9511bec01126072acd2f313439f8ed015a22d8790aab6fa"},
]

[package.extras]
toml = ["tomli"]

[[package]]
name = "dill"
version = "0.3.7"
description = "serialize all of Python"
optional = false
python-versions = ">=3.7"
files = [
    {file = "dill-0.3.7-py3-none-any.whl", hash = "sha256:76b122c08ef4ce2eedcd4d1abd8e641114bfc6c2867f49f3c41facf65bf19f5e"},
    {file = "dill-0.3.7.tar.gz", hash = "sha256:cc1c8b182eb3013e24bd475ff2e9295af86c1a38eb1aff128dac8962a9ce3c03"},
]

[package.extras]
graph = ["objgraph (>=1.7.2)"]

[[package]]
name = "django"
version = "5.0.1"
description = "A high-level Python web framework that encourages rapid development and clean, pragmatic design."
optional = false
python-versions = ">=3.10"
files = [
    {file = "Django-5.0.1-py3-none-any.whl", hash = "sha256:f47a37a90b9bbe2c8ec360235192c7fddfdc832206fcf618bb849b39256affc1"},
    {file = "Django-5.0.1.tar.gz", hash = "sha256:8c8659665bc6e3a44fefe1ab0a291e5a3fb3979f9a8230be29de975e57e8f854"},
]

[package.dependencies]
asgiref = ">=3.7.0,<4"
sqlparse = ">=0.3.1"
tzdata = {version = "*", markers = "sys_platform == \"win32\""}

[package.extras]
argon2 = ["argon2-cffi (>=19.1.0)"]
bcrypt = ["bcrypt"]

[[package]]
name = "django-environ"
version = "0.11.2"
description = "A package that allows you to utilize 12factor inspired environment variables to configure your Django application."
optional = false
python-versions = ">=3.6,<4"
files = [
    {file = "django-environ-0.11.2.tar.gz", hash = "sha256:f32a87aa0899894c27d4e1776fa6b477e8164ed7f6b3e410a62a6d72caaf64be"},
    {file = "django_environ-0.11.2-py2.py3-none-any.whl", hash = "sha256:0ff95ab4344bfeff693836aa978e6840abef2e2f1145adff7735892711590c05"},
]

[package.extras]
develop = ["coverage[toml] (>=5.0a4)", "furo (>=2021.8.17b43,<2021.9.dev0)", "pytest (>=4.6.11)", "sphinx (>=3.5.0)", "sphinx-notfound-page"]
docs = ["furo (>=2021.8.17b43,<2021.9.dev0)", "sphinx (>=3.5.0)", "sphinx-notfound-page"]
testing = ["coverage[toml] (>=5.0a4)", "pytest (>=4.6.11)"]

[[package]]
name = "exceptiongroup"
version = "1.2.0"
description = "Backport of PEP 654 (exception groups)"
optional = false
python-versions = ">=3.7"
files = [
    {file = "exceptiongroup-1.2.0-py3-none-any.whl", hash = "sha256:4bfd3996ac73b41e9b9628b04e079f193850720ea5945fc96a08633c66912f14"},
    {file = "exceptiongroup-1.2.0.tar.gz", hash = "sha256:91f5c769735f051a4290d52edd0858999b57e5876e9f85937691bd4c9fa3ed68"},
]

[package.extras]
test = ["pytest (>=6)"]

[[package]]
name = "flake8"
version = "7.0.0"
description = "the modular source code checker: pep8 pyflakes and co"
optional = false
python-versions = ">=3.8.1"
files = [
    {file = "flake8-7.0.0-py2.py3-none-any.whl", hash = "sha256:a6dfbb75e03252917f2473ea9653f7cd799c3064e54d4c8140044c5c065f53c3"},
    {file = "flake8-7.0.0.tar.gz", hash = "sha256:33f96621059e65eec474169085dc92bf26e7b2d47366b70be2f67ab80dc25132"},
]

[package.dependencies]
mccabe = ">=0.7.0,<0.8.0"
pycodestyle = ">=2.11.0,<2.12.0"
pyflakes = ">=3.2.0,<3.3.0"

[[package]]
name = "iniconfig"
version = "2.0.0"
description = "brain-dead simple config-ini parsing"
optional = false
python-versions = ">=3.7"
files = [
    {file = "iniconfig-2.0.0-py3-none-any.whl", hash = "sha256:b6a85871a79d2e3b22d2d1b94ac2824226a63c6b741c88f7ae975f18b6778374"},
    {file = "iniconfig-2.0.0.tar.gz", hash = "sha256:2d91e135bf72d31a410b17c16da610a82cb55f6b0477d1a902134b24a455b8b3"},
]

[[package]]
name = "isort"
version = "5.13.2"
description = "A Python utility / library to sort Python imports."
optional = false
python-versions = ">=3.8.0"
files = [
    {file = "isort-5.13.2-py3-none-any.whl", hash = "sha256:8ca5e72a8d85860d5a3fa69b8745237f2939afe12dbf656afbcb47fe72d947a6"},
    {file = "isort-5.13.2.tar.gz", hash = "sha256:48fdfcb9face5d58a4f6dde2e72a1fb8dcaf8ab26f95ab49fab84c2ddefb0109"},
]

[package.extras]
colors = ["colorama (>=0.4.6)"]

[[package]]
name = "mccabe"
version = "0.7.0"
description = "McCabe checker, plugin for flake8"
optional = false
python-versions = ">=3.6"
files = [
    {file = "mccabe-0.7.0-py2.py3-none-any.whl", hash = "sha256:6c2d30ab6be0e4a46919781807b4f0d834ebdd6c6e3dca0bda5a15f863427b6e"},
    {file = "mccabe-0.7.0.tar.gz", hash = "sha256:348e0240c33b60bbdf4e523192ef919f28cb2c3d7d5c7794f74009290f236325"},
]

[[package]]
name = "mypy"
version = "1.8.0"
description = "Optional static typing for Python"
optional = false
python-versions = ">=3.8"
files = [
    {file = "mypy-1.8.0-cp310-cp310-macosx_10_9_x86_64.whl", hash = "sha256:485a8942f671120f76afffff70f259e1cd0f0cfe08f81c05d8816d958d4577d3"},
    {file = "mypy-1.8.0-cp310-cp310-macosx_11_0_arm64.whl", hash = "sha256:df9824ac11deaf007443e7ed2a4a26bebff98d2bc43c6da21b2b64185da011c4"},
    {file = "mypy-1.8.0-cp310-cp310-manylinux_2_17_x86_64.manylinux2014_x86_64.whl", hash = "sha256:2afecd6354bbfb6e0160f4e4ad9ba6e4e003b767dd80d85516e71f2e955ab50d"},
    {file = "mypy-1.8.0-cp310-cp310-musllinux_1_1_x86_64.whl", hash = "sha256:8963b83d53ee733a6e4196954502b33567ad07dfd74851f32be18eb932fb1cb9"},
    {file = "mypy-1.8.0-cp310-cp310-win_amd64.whl", hash = "sha256:e46f44b54ebddbeedbd3d5b289a893219065ef805d95094d16a0af6630f5d410"},
    {file = "mypy-1.8.0-cp311-cp311-macosx_10_9_x86_64.whl", hash = "sha256:855fe27b80375e5c5878492f0729540db47b186509c98dae341254c8f45f42ae"},
    {file = "mypy-1.8.0-cp311-cp311-macosx_11_0_arm64.whl", hash = "sha256:4c886c6cce2d070bd7df4ec4a05a13ee20c0aa60cb587e8d1265b6c03cf91da3"},
    {file = "mypy-1.8.0-cp311-cp311-manylinux_2_17_x86_64.manylinux2014_x86_64.whl", hash = "sha256:d19c413b3c07cbecf1f991e2221746b0d2a9410b59cb3f4fb9557f0365a1a817"},
    {file = "mypy-1.8.0-cp311-cp311-musllinux_1_1_x86_64.whl", hash = "sha256:9261ed810972061388918c83c3f5cd46079d875026ba97380f3e3978a72f503d"},
    {file = "mypy-1.8.0-cp311-cp311-win_amd64.whl", hash = "sha256:51720c776d148bad2372ca21ca29256ed483aa9a4cdefefcef49006dff2a6835"},
    {file = "mypy-1.8.0-cp312-cp312-macosx_10_9_x86_64.whl", hash = "sha256:52825b01f5c4c1c4eb0db253ec09c7aa17e1a7304d247c48b6f3599ef40db8bd"},
    {file = "mypy-1.8.0-cp312-cp312-macosx_11_0_arm64.whl", hash = "sha256:f5ac9a4eeb1ec0f1ccdc6f326bcdb464de5f80eb07fb38b5ddd7b0de6bc61e55"},
    {file = "mypy-1.8.0-cp312-cp312-manylinux_2_17_x86_64.manylinux2014_x86_64.whl", hash = "sha256:afe3fe972c645b4632c563d3f3eff1cdca2fa058f730df2b93a35e3b0c538218"},
    {file = "mypy-1.8.0-cp312-cp312-musllinux_1_1_x86_64.whl", hash = "sha256:42c6680d256ab35637ef88891c6bd02514ccb7e1122133ac96055ff458f93fc3"},
    {file = "mypy-1.8.0-cp312-cp312-win_amd64.whl", hash = "sha256:720a5ca70e136b675af3af63db533c1c8c9181314d207568bbe79051f122669e"},
    {file = "mypy-1.8.0-cp38-cp38-macosx_10_9_x86_64.whl", hash = "sha256:028cf9f2cae89e202d7b6593cd98db6759379f17a319b5faf4f9978d7084cdc6"},
    {file = "mypy-1.8.0-cp38-cp38-macosx_11_0_arm64.whl", hash = "sha256:4e6d97288757e1ddba10dd9549ac27982e3e74a49d8d0179fc14d4365c7add66"},
    {file = "mypy-1.8.0-cp38-cp38-manylinux_2_17_x86_64.manylinux2014_x86_64.whl", hash = "sha256:7f1478736fcebb90f97e40aff11a5f253af890c845ee0c850fe80aa060a267c6"},
    {file = "mypy-1.8.0-cp38-cp38-musllinux_1_1_x86_64.whl", hash = "sha256:42419861b43e6962a649068a61f4a4839205a3ef525b858377a960b9e2de6e0d"},
    {file = "mypy-1.8.0-cp38-cp38-win_amd64.whl", hash = "sha256:2b5b6c721bd4aabaadead3a5e6fa85c11c6c795e0c81a7215776ef8afc66de02"},
    {file = "mypy-1.8.0-cp39-cp39-macosx_10_9_x86_64.whl", hash = "sha256:5c1538c38584029352878a0466f03a8ee7547d7bd9f641f57a0f3017a7c905b8"},
    {file = "mypy-1.8.0-cp39-cp39-macosx_11_0_arm64.whl", hash = "sha256:4ef4be7baf08a203170f29e89d79064463b7fc7a0908b9d0d5114e8009c3a259"},
    {file = "mypy-1.8.0-cp39-cp39-manylinux_2_17_x86_64.manylinux2014_x86_64.whl", hash = "sha256:7178def594014aa6c35a8ff411cf37d682f428b3b5617ca79029d8ae72f5402b"},
    {file = "mypy-1.8.0-cp39-cp39-musllinux_1_1_x86_64.whl", hash = "sha256:ab3c84fa13c04aeeeabb2a7f67a25ef5d77ac9d6486ff33ded762ef353aa5592"},
    {file = "mypy-1.8.0-cp39-cp39-win_amd64.whl", hash = "sha256:99b00bc72855812a60d253420d8a2eae839b0afa4938f09f4d2aa9bb4654263a"},
    {file = "mypy-1.8.0-py3-none-any.whl", hash = "sha256:538fd81bb5e430cc1381a443971c0475582ff9f434c16cd46d2c66763ce85d9d"},
    {file = "mypy-1.8.0.tar.gz", hash = "sha256:6ff8b244d7085a0b425b56d327b480c3b29cafbd2eff27316a004f9a7391ae07"},
]

[package.dependencies]
mypy-extensions = ">=1.0.0"
tomli = {version = ">=1.1.0", markers = "python_version < \"3.11\""}
typing-extensions = ">=4.1.0"

[package.extras]
dmypy = ["psutil (>=4.0)"]
install-types = ["pip"]
mypyc = ["setuptools (>=50)"]
reports = ["lxml"]

[[package]]
name = "mypy-extensions"
version = "1.0.0"
description = "Type system extensions for programs checked with the mypy type checker."
optional = false
python-versions = ">=3.5"
files = [
    {file = "mypy_extensions-1.0.0-py3-none-any.whl", hash = "sha256:4392f6c0eb8a5668a69e23d168ffa70f0be9ccfd32b5cc2d26a34ae5b844552d"},
    {file = "mypy_extensions-1.0.0.tar.gz", hash = "sha256:75dbf8955dc00442a438fc4d0666508a9a97b6bd41aa2f0ffe9d2f2725af0782"},
]

[[package]]
name = "mysqlclient"
version = "2.2.1"
description = "Python interface to MySQL"
optional = false
python-versions = ">=3.8"
files = [
    {file = "mysqlclient-2.2.1-cp310-cp310-win_amd64.whl", hash = "sha256:c5a293baebbfcfa2905545198a54e90f1cf00f211eae6637d24930abb6432cba"},
    {file = "mysqlclient-2.2.1-cp311-cp311-win_amd64.whl", hash = "sha256:8f40c872f19639366e3df27bef2ff087be0e3ee0bd3453470bd29f46b54a90f6"},
    {file = "mysqlclient-2.2.1-cp312-cp312-win_amd64.whl", hash = "sha256:45600f4f321096bd1ead3355bc62cfcf8d97dc78df94e4ab5db72ecb5db1bd04"},
    {file = "mysqlclient-2.2.1-cp38-cp38-win_amd64.whl", hash = "sha256:1f8889cc5f0141bb307b915e981a66793df663ace92259344661084a7dd8d12a"},
    {file = "mysqlclient-2.2.1-cp39-cp39-win_amd64.whl", hash = "sha256:9db6305cdf2a1da350f827d2a19be7f2666eafd9eb8d4f7cbbac5df847d61b99"},
    {file = "mysqlclient-2.2.1-pp310-pypy310_pp73-win_amd64.whl", hash = "sha256:97eee76818774bb695e018ff4c3dafaab74b9a0b0cf32c90b02caeec3b19cd8e"},
    {file = "mysqlclient-2.2.1-pp38-pypy38_pp73-win_amd64.whl", hash = "sha256:4fabe1f4b545ed6244ad0ff426e6b27054b7e5c5b1392be0de2e5f2f59be0392"},
    {file = "mysqlclient-2.2.1-pp39-pypy39_pp73-win_amd64.whl", hash = "sha256:641a7c9de443ddef186a0e89f24b4251ad44f4ddc5e7094332bf2d286d7c9e33"},
    {file = "mysqlclient-2.2.1.tar.gz", hash = "sha256:2c7ad15b87293b12fd44b47c46879ec95ec647f4567e866ccd70b8337584e9b2"},
]

[[package]]
name = "packaging"
version = "23.2"
description = "Core utilities for Python packages"
optional = false
python-versions = ">=3.7"
files = [
    {file = "packaging-23.2-py3-none-any.whl", hash = "sha256:8c491190033a9af7e1d931d0b5dacc2ef47509b34dd0de67ed209b5203fc88c7"},
    {file = "packaging-23.2.tar.gz", hash = "sha256:048fb0e9405036518eaaf48a55953c750c11e1a1b68e0dd1a9d62ed0c092cfc5"},
]

[[package]]
name = "pathspec"
version = "0.12.1"
description = "Utility library for gitignore style pattern matching of file paths."
optional = false
python-versions = ">=3.8"
files = [
    {file = "pathspec-0.12.1-py3-none-any.whl", hash = "sha256:a0d503e138a4c123b27490a4f7beda6a01c6f288df0e4a8b79c7eb0dc7b4cc08"},
    {file = "pathspec-0.12.1.tar.gz", hash = "sha256:a482d51503a1ab33b1c67a6c3813a26953dbdc71c31dacaef9a838c4e29f5712"},
]

[[package]]
name = "platformdirs"
version = "4.1.0"
description = "A small Python package for determining appropriate platform-specific dirs, e.g. a \"user data dir\"."
optional = false
python-versions = ">=3.8"
files = [
    {file = "platformdirs-4.1.0-py3-none-any.whl", hash = "sha256:11c8f37bcca40db96d8144522d925583bdb7a31f7b0e37e3ed4318400a8e2380"},
    {file = "platformdirs-4.1.0.tar.gz", hash = "sha256:906d548203468492d432bcb294d4bc2fff751bf84971fbb2c10918cc206ee420"},
]

[package.extras]
docs = ["furo (>=2023.7.26)", "proselint (>=0.13)", "sphinx (>=7.1.1)", "sphinx-autodoc-typehints (>=1.24)"]
test = ["appdirs (==1.4.4)", "covdefaults (>=2.3)", "pytest (>=7.4)", "pytest-cov (>=4.1)", "pytest-mock (>=3.11.1)"]

[[package]]
name = "pluggy"
version = "1.3.0"
description = "plugin and hook calling mechanisms for python"
optional = false
python-versions = ">=3.8"
files = [
    {file = "pluggy-1.3.0-py3-none-any.whl", hash = "sha256:d89c696a773f8bd377d18e5ecda92b7a3793cbe66c87060a6fb58c7b6e1061f7"},
    {file = "pluggy-1.3.0.tar.gz", hash = "sha256:cf61ae8f126ac6f7c451172cf30e3e43d3ca77615509771b3a984a0730651e12"},
]

[package.extras]
dev = ["pre-commit", "tox"]
testing = ["pytest", "pytest-benchmark"]

[[package]]
name = "pycodestyle"
version = "2.11.1"
description = "Python style guide checker"
optional = false
python-versions = ">=3.8"
files = [
    {file = "pycodestyle-2.11.1-py2.py3-none-any.whl", hash = "sha256:44fe31000b2d866f2e41841b18528a505fbd7fef9017b04eff4e2648a0fadc67"},
    {file = "pycodestyle-2.11.1.tar.gz", hash = "sha256:41ba0e7afc9752dfb53ced5489e89f8186be00e599e712660695b7a75ff2663f"},
]

[[package]]
name = "pyflakes"
version = "3.2.0"
description = "passive checker of Python programs"
optional = false
python-versions = ">=3.8"
files = [
    {file = "pyflakes-3.2.0-py2.py3-none-any.whl", hash = "sha256:84b5be138a2dfbb40689ca07e2152deb896a65c3a3e24c251c5c62489568074a"},
    {file = "pyflakes-3.2.0.tar.gz", hash = "sha256:1c61603ff154621fb2a9172037d84dca3500def8c8b630657d1701f026f8af3f"},
]

[[package]]
name = "pylint"
version = "3.0.3"
description = "python code static checker"
optional = false
python-versions = ">=3.8.0"
files = [
    {file = "pylint-3.0.3-py3-none-any.whl", hash = "sha256:7a1585285aefc5165db81083c3e06363a27448f6b467b3b0f30dbd0ac1f73810"},
    {file = "pylint-3.0.3.tar.gz", hash = "sha256:58c2398b0301e049609a8429789ec6edf3aabe9b6c5fec916acd18639c16de8b"},
]

[package.dependencies]
astroid = ">=3.0.1,<=3.1.0-dev0"
colorama = {version = ">=0.4.5", markers = "sys_platform == \"win32\""}
dill = [
    {version = ">=0.2", markers = "python_version < \"3.11\""},
    {version = ">=0.3.7", markers = "python_version >= \"3.12\""},
    {version = ">=0.3.6", markers = "python_version >= \"3.11\" and python_version < \"3.12\""},
]
isort = ">=4.2.5,<5.13.0 || >5.13.0,<6"
mccabe = ">=0.6,<0.8"
platformdirs = ">=2.2.0"
tomli = {version = ">=1.1.0", markers = "python_version < \"3.11\""}
tomlkit = ">=0.10.1"

[package.extras]
spelling = ["pyenchant (>=3.2,<4.0)"]
testutils = ["gitpython (>3)"]

[[package]]
name = "pytest"
version = "7.4.4"
description = "pytest: simple powerful testing with Python"
optional = false
python-versions = ">=3.7"
files = [
    {file = "pytest-7.4.4-py3-none-any.whl", hash = "sha256:b090cdf5ed60bf4c45261be03239c2c1c22df034fbffe691abe93cd80cea01d8"},
    {file = "pytest-7.4.4.tar.gz", hash = "sha256:2cf0005922c6ace4a3e2ec8b4080eb0d9753fdc93107415332f50ce9e7994280"},
]

[package.dependencies]
colorama = {version = "*", markers = "sys_platform == \"win32\""}
exceptiongroup = {version = ">=1.0.0rc8", markers = "python_version < \"3.11\""}
iniconfig = "*"
packaging = "*"
pluggy = ">=0.12,<2.0"
tomli = {version = ">=1.0.0", markers = "python_version < \"3.11\""}

[package.extras]
testing = ["argcomplete", "attrs (>=19.2.0)", "hypothesis (>=3.56)", "mock", "nose", "pygments (>=2.7.2)", "requests", "setuptools", "xmlschema"]

[[package]]
name = "python-dotenv"
version = "1.0.0"
description = "Read key-value pairs from a .env file and set them as environment variables"
optional = false
python-versions = ">=3.8"
files = [
    {file = "python-dotenv-1.0.0.tar.gz", hash = "sha256:a8df96034aae6d2d50a4ebe8216326c61c3eb64836776504fcca410e5937a3ba"},
    {file = "python_dotenv-1.0.0-py3-none-any.whl", hash = "sha256:f5971a9226b701070a4bf2c38c89e5a3f0d64de8debda981d1db98583009122a"},
]

[package.extras]
cli = ["click (>=5.0)"]

[[package]]
name = "sqlparse"
version = "0.4.4"
description = "A non-validating SQL parser."
optional = false
python-versions = ">=3.5"
files = [
    {file = "sqlparse-0.4.4-py3-none-any.whl", hash = "sha256:5430a4fe2ac7d0f93e66f1efc6e1338a41884b7ddf2a350cedd20ccc4d9d28f3"},
    {file = "sqlparse-0.4.4.tar.gz", hash = "sha256:d446183e84b8349fa3061f0fe7f06ca94ba65b426946ffebe6e3e8295332420c"},
]

[package.extras]
dev = ["build", "flake8"]
doc = ["sphinx"]
test = ["pytest", "pytest-cov"]

[[package]]
name = "tomli"
version = "2.0.1"
description = "A lil' TOML parser"
optional = false
python-versions = ">=3.7"
files = [
    {file = "tomli-2.0.1-py3-none-any.whl", hash = "sha256:939de3e7a6161af0c887ef91b7d41a53e7c5a1ca976325f429cb46ea9bc30ecc"},
    {file = "tomli-2.0.1.tar.gz", hash = "sha256:de526c12914f0c550d15924c62d72abc48d6fe7364aa87328337a31007fe8a4f"},
]

[[package]]
name = "tomlkit"
version = "0.12.3"
description = "Style preserving TOML library"
optional = false
python-versions = ">=3.7"
files = [
    {file = "tomlkit-0.12.3-py3-none-any.whl", hash = "sha256:b0a645a9156dc7cb5d3a1f0d4bab66db287fcb8e0430bdd4664a095ea16414ba"},
    {file = "tomlkit-0.12.3.tar.gz", hash = "sha256:75baf5012d06501f07bee5bf8e801b9f343e7aac5a92581f20f80ce632e6b5a4"},
]

[[package]]
name = "typing-extensions"
version = "4.9.0"
description = "Backported and Experimental Type Hints for Python 3.8+"
optional = false
python-versions = ">=3.8"
files = [
    {file = "typing_extensions-4.9.0-py3-none-any.whl", hash = "sha256:af72aea155e91adfc61c3ae9e0e342dbc0cba726d6cba4b6c72c1f34e47291cd"},
    {file = "typing_extensions-4.9.0.tar.gz", hash = "sha256:23478f88c37f27d76ac8aee6c905017a143b0b1b886c3c9f66bc2fd94f9f5783"},
]

[[package]]
name = "tzdata"
version = "2023.4"
description = "Provider of IANA time zone data"
optional = false
python-versions = ">=2"
files = [
    {file = "tzdata-2023.4-py2.py3-none-any.whl", hash = "sha256:aa3ace4329eeacda5b7beb7ea08ece826c28d761cda36e747cfbf97996d39bf3"},
    {file = "tzdata-2023.4.tar.gz", hash = "sha256:dd54c94f294765522c77399649b4fefd95522479a664a0cec87f41bebc6148c9"},
]

[[package]]
name = "uwsgi"
version = "2.0.23"
description = "The uWSGI server"
optional = false
python-versions = "*"
files = [
    {file = "uwsgi-2.0.23.tar.gz", hash = "sha256:0cafda0c16f921db7fe42cfaf81b167cf884ee17350efbdd87d1ecece2d7de37"},
]

[metadata]
lock-version = "2.0"
python-versions = ">=3.10,<4.0"
content-hash = "a52b393d73bdb15d7f86f7e73ca6a0e24b098307d70f252542341aab5e0400a9"
