# This file is automatically @generated by Poetry 1.6.1 and should not be changed by hand.

[[package]]
name = "asgiref"
version = "3.7.2"
description = "ASGI specs, helper code, and adapters"
optional = false
python-versions = ">=3.7"
files = [
    {file = "asgiref-3.7.2-py3-none-any.whl", hash = "sha256:89b2ef2247e3b562a16eef663bc0e2e703ec6468e2fa8a5cd61cd449786d4f6e"},
    {file = "asgiref-3.7.2.tar.gz", hash = "sha256:9e0ce3aa93a819ba5b45120216b23878cf6e8525eb3848653452b4192b92afed"},
]

[package.dependencies]
typing-extensions = {version = ">=4", markers = "python_version < \"3.11\""}

[package.extras]
tests = ["mypy (>=0.800)", "pytest", "pytest-asyncio"]

[[package]]
name = "astroid"
version = "3.0.2"
description = "An abstract syntax tree for Python with inference support."
optional = false
python-versions = ">=3.8.0"
files = [
    {file = "astroid-3.0.2-py3-none-any.whl", hash = "sha256:d6e62862355f60e716164082d6b4b041d38e2a8cf1c7cd953ded5108bac8ff5c"},
    {file = "astroid-3.0.2.tar.gz", hash = "sha256:4a61cf0a59097c7bb52689b0fd63717cd2a8a14dc9f1eee97b82d814881c8c91"},
]

[package.dependencies]
typing-extensions = {version = ">=4.0.0", markers = "python_version < \"3.11\""}

[[package]]
name = "black"
version = "23.12.1"
description = "The uncompromising code formatter."
optional = false
python-versions = ">=3.8"
files = [
    {file = "black-23.12.1-cp310-cp310-macosx_10_9_x86_64.whl", hash = "sha256:e0aaf6041986767a5e0ce663c7a2f0e9eaf21e6ff87a5f95cbf3675bfd4c41d2"},
    {file = "black-23.12.1-cp310-cp310-macosx_11_0_arm64.whl", hash = "sha256:c88b3711d12905b74206227109272673edce0cb29f27e1385f33b0163c414bba"},
    {file = "black-23.12.1-cp310-cp310-manylinux_2_17_x86_64.manylinux2014_x86_64.whl", hash = "sha256:a920b569dc6b3472513ba6ddea21f440d4b4c699494d2e972a1753cdc25df7b0"},
    {file = "black-23.12.1-cp310-cp310-win_amd64.whl", hash = "sha256:3fa4be75ef2a6b96ea8d92b1587dd8cb3a35c7e3d51f0738ced0781c3aa3a5a3"},
    {file = "black-23.12.1-cp311-cp311-macosx_10_9_x86_64.whl", hash = "sha256:8d4df77958a622f9b5a4c96edb4b8c0034f8434032ab11077ec6c56ae9f384ba"},
    {file = "black-23.12.1-cp311-cp311-macosx_11_0_arm64.whl", hash = "sha256:602cfb1196dc692424c70b6507593a2b29aac0547c1be9a1d1365f0d964c353b"},
    {file = "black-23.12.1-cp311-cp311-manylinux_2_17_x86_64.manylinux2014_x86_64.whl", hash = "sha256:9c4352800f14be5b4864016882cdba10755bd50805c95f728011bcb47a4afd59"},
    {file = "black-23.12.1-cp311-cp311-win_amd64.whl", hash = "sha256:0808494f2b2df923ffc5723ed3c7b096bd76341f6213989759287611e9837d50"},
    {file = "black-23.12.1-cp312-cp312-macosx_10_9_x86_64.whl", hash = "sha256:25e57fd232a6d6ff3f4478a6fd0580838e47c93c83eaf1ccc92d4faf27112c4e"},
    {file = "black-23.12.1-cp312-cp312-macosx_11_0_arm64.whl", hash = "sha256:2d9e13db441c509a3763a7a3d9a49ccc1b4e974a47be4e08ade2a228876500ec"},
    {file = "black-23.12.1-cp312-cp312-manylinux_2_17_x86_64.manylinux2014_x86_64.whl", hash = "sha256:6d1bd9c210f8b109b1762ec9fd36592fdd528485aadb3f5849b2740ef17e674e"},
    {file = "black-23.12.1-cp312-cp312-win_amd64.whl", hash = "sha256:ae76c22bde5cbb6bfd211ec343ded2163bba7883c7bc77f6b756a1049436fbb9"},
    {file = "black-23.12.1-cp38-cp38-macosx_10_9_x86_64.whl", hash = "sha256:1fa88a0f74e50e4487477bc0bb900c6781dbddfdfa32691e780bf854c3b4a47f"},
    {file = "black-23.12.1-cp38-cp38-macosx_11_0_arm64.whl", hash = "sha256:a4d6a9668e45ad99d2f8ec70d5c8c04ef4f32f648ef39048d010b0689832ec6d"},
    {file = "black-23.12.1-cp38-cp38-manylinux_2_17_x86_64.manylinux2014_x86_64.whl", hash = "sha256:b18fb2ae6c4bb63eebe5be6bd869ba2f14fd0259bda7d18a46b764d8fb86298a"},
    {file = "black-23.12.1-cp38-cp38-win_amd64.whl", hash = "sha256:c04b6d9d20e9c13f43eee8ea87d44156b8505ca8a3c878773f68b4e4812a421e"},
    {file = "black-23.12.1-cp39-cp39-macosx_10_9_x86_64.whl", hash = "sha256:3e1b38b3135fd4c025c28c55ddfc236b05af657828a8a6abe5deec419a0b7055"},
    {file = "black-23.12.1-cp39-cp39-macosx_11_0_arm64.whl", hash = "sha256:4f0031eaa7b921db76decd73636ef3a12c942ed367d8c3841a0739412b260a54"},
    {file = "black-23.12.1-cp39-cp39-manylinux_2_17_x86_64.manylinux2014_x86_64.whl", hash = "sha256:97e56155c6b737854e60a9ab1c598ff2533d57e7506d97af5481141671abf3ea"},
    {file = "black-23.12.1-cp39-cp39-win_amd64.whl", hash = "sha256:dd15245c8b68fe2b6bd0f32c1556509d11bb33aec9b5d0866dd8e2ed3dba09c2"},
    {file = "black-23.12.1-py3-none-any.whl", hash = "sha256:78baad24af0f033958cad29731e27363183e140962595def56423e626f4bee3e"},
    {file = "black-23.12.1.tar.gz", hash = "sha256:4ce3ef14ebe8d9509188014d96af1c456a910d5b5cbf434a09fef7e024b3d0d5"},
]

[package.dependencies]
click = ">=8.0.0"
mypy-extensions = ">=0.4.3"
packaging = ">=22.0"
pathspec = ">=0.9.0"
platformdirs = ">=2"
tomli = {version = ">=1.1.0", markers = "python_version < \"3.11\""}
typing-extensions = {version = ">=4.0.1", markers = "python_version < \"3.11\""}

[package.extras]
colorama = ["colorama (>=0.4.3)"]
d = ["aiohttp (>=3.7.4)", "aiohttp (>=3.7.4,!=3.9.0)"]
jupyter = ["ipython (>=7.8.0)", "tokenize-rt (>=3.2.0)"]
uvloop = ["uvloop (>=0.15.2)"]

[[package]]
name = "click"
version = "8.1.7"
description = "Composable command line interface toolkit"
optional = false
python-versions = ">=3.7"
files = [
    {file = "click-8.1.7-py3-none-any.whl", hash = "sha256:ae74fb96c20a0277a1d615f1e4d73c8414f5a98db8b799a7931d1582f3390c28"},
    {file = "click-8.1.7.tar.gz", hash = "sha256:ca9853ad459e787e2192211578cc907e7594e294c7ccc834310722b41b9ca6de"},
]

[package.dependencies]
colorama = {version = "*", markers = "platform_system == \"Windows\""}

[[package]]
name = "colorama"
version = "0.4.6"
description = "Cross-platform colored terminal text."
optional = false
python-versions = "!=3.0.*,!=3.1.*,!=3.2.*,!=3.3.*,!=3.4.*,!=3.5.*,!=3.6.*,>=2.7"
files = [
    {file = "colorama-0.4.6-py2.py3-none-any.whl", hash = "sha256:4f1d9991f5acc0ca119f9d443620b77f9d6b33703e51011c16baf57afb285fc6"},
    {file = "colorama-0.4.6.tar.gz", hash = "sha256:08695f5cb7ed6e0531a20572697297273c47b8cae5a63ffc6d6ed5c201be6e44"},
]

[[package]]
name = "coverage"
version = "7.16.0"
description = "Code coverage measurement for Python"
optional = false
python-versions = ">=3.10"
files = [
    {file = "coverage-7.16.0-cp310-cp310-macosx_10_9_x86_64.whl", hash = "sha256:36aed4951aedf04cbe9465e76f8e71219980a52b73d07afe69746cba6ba7b97a"},
    {file = "coverage-7.16.0-cp310-cp310-macosx_11_0_arm64.whl", hash = "sha256:cb953835dbfa6d641ac3943e0986bc680f8abbdc2985af15b46c54985347146a"},
    {file = "coverage-7.16.0-cp310-cp310-manylinux1_i686.manylinux_2_28_i686.manylinux_2_5_i686.whl", hash = "sha256:97051c4903689b1afedc2a354d6118223051e03588078b53048603bda9014577"},
    {file = "coverage-7.16.0-cp310-cp310-manylinux1_x86_64.manylinux_2_28_x86_64.manylinux_2_5_x86_64.whl", hash = "sha256:770d4244c423dcafb5c31db393f429fe952b1bba23bbff7cc3886f8133769ba5"},
    {file = "coverage-7.16.0-cp310-cp310-manylinux2014_aarch64.manylinux_2_17_aarch64.manylinux_2_28_aarch64.whl", hash = "sha256:26e7de0cb87960c6c9b5cad760068dab767b2b49a3b9376e1992c1e2691a015e"},
    {file = "coverage-7.16.0-cp310-cp310-manylinux2014_ppc64le.manylinux_2_17_ppc64le.manylinux_2_28_ppc64le.whl", hash = "sha256:1c2c45ee1853668f0ea1a0ddff396421c9dc5ad25a56bfb94a895970c2d8e7c2"},
    {file = "coverage-7.16.0-cp310-cp310-manylinux_2_31_riscv64.manylinux_2_39_riscv64.whl", hash = "sha256:e6b2b9599e7513b0a9c5bf0357f9f8deaa4c2c821025b0693d420e6602748981"},
    {file = "coverage-7.16.0-cp310-cp310-musllinux_1_2_aarch64.whl", hash = "sha256:6fde65e0ea945920265dfe4a2108fc45eee2e2ea3d9c3073af6373ff9836aa71"},
    {file = "coverage-7.16.0-cp310-cp310-musllinux_1_2_i686.whl", hash = "sha256:78103e79f9378cb0e43ddaa728629a373c070df903c5dfa98b63ba2cfb4e8c42"},
    {file = "coverage-7.16.0-cp310-cp310-musllinux_1_2_ppc64le.whl", hash = "sha256:e40e323711b485592354069b1c027ef879cc2d11657eac09a6e5ad0b49ab7406"},
    {file = "coverage-7.16.0-cp310-cp310-musllinux_1_2_riscv64.whl", hash = "sha256:c94ef980f7b94d9dab9dac076d44ca706654cd51bad19734e029084adf528c8e"},
    {file = "coverage-7.16.0-cp310-cp310-musllinux_1_2_x86_64.whl", hash = "sha256:b37ad5cbb77776f446e1b55b461eec2eef5c3e7130c72dc0e1447c3a9da2d199"},
    {file = "coverage-7.16.0-cp310-cp310-win32.whl", hash = "sha256:9421dde689e68d9fd2b6cd7d8c4498e79b5431467b6298517e3f3e60fdbe80a7"},
    {file = "coverage-7.16.0-cp310-cp310-win_amd64.whl", hash = "sha256:81d63b68b26304e3668edb103311c17fe13c2ed1c7fe973309819f27bf61c5b8"},
    {file = "coverage-7.16.0-cp311-cp311-macosx_10_9_x86_64.whl", hash = "sha256:22d8802827404be32f5a4d6ddc037f6fa0074b7d06702c0224cb598def8b665d"},
    {file = "coverage-7.16.0-cp311-cp311-macosx_11_0_arm64.whl", hash = "sha256:a739bf08cdca0fad51b73322e4fade0102dd87794e278450b5ee87ef827954db"},
    {file = "coverage-7.16.0-cp311-cp311-manylinux1_i686.manylinux_2_28_i686.manylinux_2_5_i686.whl", hash = "sha256:f99d12f8234c00b88b8077fedf288b25c77f746de312053b7db90fa756ecbdb3"},
    {file = "coverage-7.16.0-cp311-cp311-manylinux1_x86_64.manylinux_2_28_x86_64.manylinux_2_5_x86_64.whl", hash = "sha256:7cae7715afa51dd7c9c42e6603bb46daf424c3449fdf06519cc658aa8d46e2e4"},
    {file = "coverage-7.16.0-cp311-cp311-manylinux2014_aarch64.manylinux_2_17_aarch64.manylinux_2_28_aarch64.whl", hash = "sha256:55957d350452017f523b9b03ffac078f9a214e23c04a3d0a674569203550c719"},
    {file = "coverage-7.16.0-cp311-cp311-manylinux2014_ppc64le.manylinux_2_17_ppc64le.manylinux_2_28_ppc64le.whl", hash = "sha256:b670bd5fa93d9b6855b2837217b45a90863118e2de5e9e033aebd46d07cd08d3"},
    {file = "coverage-7.16.0-cp311-cp311-manylinux_2_31_riscv64.manylinux_2_39_riscv64.whl", hash = "sha256:fe5aa402d02318db2f41e471320b2ecca6085b8f595a034c037085732e49c04a"},
    {file = "coverage-7.16.0-cp311-cp311-musllinux_1_2_aarch64.whl", hash = "sha256:fddd26ed9a2527a7e23f7e4c1fd0734c4a5b45f77b261da1c536b20a7d2e6f0c"},
    {file = "coverage-7.16.0-cp311-cp311-musllinux_1_2_i686.whl", hash = "sha256:b2af58ecdcec37fe633d4865fccbc8c00d8aa3b31c099bcacb2720c9a0be6ab9"},
    {file = "coverage-7.16.0-cp311-cp311-musllinux_1_2_ppc64le.whl", hash = "sha256:a3cd34b9025d62180ce2b5dae8a985bfa6cb8c05ecd57fd34ffc1ff751b5a74d"},
    {file = "coverage-7.16.0-cp311-cp311-musllinux_1_2_riscv64.whl", hash = "sha256:ebaf39dd13f8af65fe5f0316b81046228ef4d91d3c3766192b418753649896d6"},
    {file = "coverage-7.16.0-cp311-cp311-musllinux_1_2_x86_64.whl", hash = "sha256:5dad64d9c17cb1983adef07998e6e2e1cf870a156f1ea80f81ce1970f4c545ce"},
    {file = "coverage-7.16.0-cp311-cp311-win32.whl", hash = "sha256:38b8e1e73750b8965d1154ed733f5303acd4e24ee2d5ee872bb1bfab744a31ce"},
    {file = "coverage-7.16.0-cp311-cp311-win_amd64.whl", hash = "sha256:cc12e5e32acdd62fe5895939695579560639853219288519685c75b7e968d63a"},
    {file = "coverage-7.16.0-cp311-cp311-win_arm64.whl", hash = "sha256:17fc3628f99812fec24f40092af34c1c73274d331babab3d1d768a75de650cf7"},
    {file = "coverage-7.16.0-cp312-cp312-macosx_10_13_x86_64.whl", hash = "sha256:d1c77c3579ac42798f8b7eed6d3dd258debacca32c8753fc8a1f6eaf1db644f5"},
    {file = "coverage-7.16.0-cp312-cp312-macosx_11_0_arm64.whl", hash = "sha256:1f81cb1554c3712e41649ed5dc98656b50b958e4da12f0f5adb681ce3db92831"},
    {file = "coverage-7.16.0-cp312-cp312-manylinux1_i686.manylinux_2_28_i686.manylinux_2_5_i686.whl", hash = "sha256:6e701938ec9081d3e400a0c9a9a8ae0f7ca44214741daeac4454b1c6ef6dbd19"},
    {file = "coverage-7.16.0-cp312-cp312-manylinux1_x86_64.manylinux_2_28_x86_64.manylinux_2_5_x86_64.whl", hash = "sha256:719a3feb6220dd32ed932d4c3676d17fb8739e2643b29c0e7c3af400ff80ac44"},
    {file = "coverage-7.16.0-cp312-cp312-manylinux2014_aarch64.manylinux_2_17_aarch64.manylinux_2_28_aarch64.whl", hash = "sha256:87771ecf986cff55e87413238cd5e4f54d949c2074bd6fc1657d26a56314ee24"},
    {file = "coverage-7.16.0-cp312-cp312-manylinux2014_ppc64le.manylinux_2_17_ppc64le.manylinux_2_28_ppc64le.whl", hash = "sha256:47d5e1fc0b321c8308a2aacee0497c435b08acaa629b7059798fdf6fc3006352"},
    {file = "coverage-7.16.0-cp312-cp312-manylinux_2_31_riscv64.manylinux_2_39_riscv64.whl", hash = "sha256:01b18b8a6c9cec8d5f45550e2501426ed982cf2c35016b0acd2ba9b5d8b2fb06"},
    {file = "coverage-7.16.0-cp312-cp312-musllinux_1_2_aarch64.whl", hash = "sha256:32c56b5b47c50635081445ac404dd08c2d591b9c837c22570aa9e182c3b42cd4"},
    {file = "coverage-7.16.0-cp312-cp312-musllinux_1_2_i686.whl", hash = "sha256:6ad3bbad240ab937512156bc944fdee63ac4dd34a7558a3094548fd4c1150c02"},
    {file = "coverage-7.16.0-cp312-cp312-musllinux_1_2_ppc64le.whl", hash = "sha256:4c1f16d5555a195295d0dc9c902612270e3dfed6a11f3bf7bc470b7b6a79ed3c"},
    {file = "coverage-7.16.0-cp312-cp312-musllinux_1_2_riscv64.whl", hash = "sha256:f6c9c21a8bf0d19788f3c5f3e020c90317a0a63ef60521b376003801e21250fb"},
    {file = "coverage-7.16.0-cp312-cp312-musllinux_1_2_x86_64.whl", hash = "sha256:06f20145a9eb5bf1fd1dde3c0bc2af2e7c22135ab07ca6284d6ada7cc3904c4e"},
    {file = "coverage-7.16.0-cp312-cp312-win32.whl", hash = "sha256:916cf8d25c1ce148f7eceb1d45afc9724841200110adc4e53250391852debd91"},
    {file = "coverage-7.16.0-cp312-cp312-win_amd64.whl", hash = "sha256:78f8b56261d608be102c62edd3a60b66bcd0b581f3f86fdcabaf8b8d95adc950"},
    {file = "coverage-7.16.0-cp312-cp312-win_arm64.whl", hash = "sha256:577c2ac8c0036f6f8edd3a7783a9e67302b17771d1abf0fd2ed246e3158be51b"},
    {file = "coverage-7.16.0-cp313-cp313-macosx_10_13_x86_64.whl", hash = "sha256:1545c52ce756b8a97007f439a220297f1cd72a2cbbcdffccdf1c1f70e74f9a42"},
    {file = "coverage-7.16.0-cp313-cp313-macosx_11_0_arm64.whl", hash = "sha256:0598aadae641f30a0796b75b45c0b9c5de8619bd5cfb251bb0cc254e86e6dd13"},
    {file = "coverage-7.16.0-cp313-cp313-manylinux1_i686.manylinux_2_28_i686.manylinux_2_5_i686.whl", hash = "sha256:4080ad6bad9f14690e6b2104f5e8d137ccc65a4b5427a36662090637d4bd16d5"},
    {file = "coverage-7.16.0-cp313-cp313-manylinux1_x86_64.manylinux_2_28_x86_64.manylinux_2_5_x86_64.whl", hash = "sha256:e9883a2f8206ce3af59117dc278e5d043fea06912bca3f199816129e5e2de354"},
    {file = "coverage-7.16.0-cp313-cp313-manylinux2014_aarch64.manylinux_2_17_aarch64.manylinux_2_28_aarch64.whl", hash = "sha256:984e5430fc6f858385009e92549955157d79335b1f3e13e1031e0f89d1284261"},
    {file = "coverage-7.16.0-cp313-cp313-manylinux2014_ppc64le.manylinux_2_17_ppc64le.manylinux_2_28_ppc64le.whl", hash = "sha256:b1374099dd1ad0d31fbb6c95d00a56a3c5e85fb3343dca14fc12f78323a2b42a"},
    {file = "coverage-7.16.0-cp313-cp313-manylinux_2_31_riscv64.manylinux_2_39_riscv64.whl", hash = "sha256:34d8686bce035c8465b318a8c2890e69ba14a00801a27f4eb6bdc97c23944d87"},
    {file = "coverage-7.16.0-cp313-cp313-musllinux_1_2_aarch64.whl", hash = "sha256:857fceba6ff4b507ee0ad98798a33d544a8473df0c542bf04251ee4ed5ee6292"},
    {file = "coverage-7.16.0-cp313-cp313-musllinux_1_2_i686.whl", hash = "sha256:bbf08d951abaa1ce89e28c998361d56b952413846b459cd017f116ad4c9adbfa"},
    {file = "coverage-7.16.0-cp313-cp313-musllinux_1_2_ppc64le.whl", hash = "sha256:1a03e78f53e4d2ab13adac19958a89322d1829913e5623d642627bf60b35da21"},
    {file = "coverage-7.16.0-cp313-cp313-musllinux_1_2_riscv64.whl", hash = "sha256:dcd3dafcdd78305d27c59a1006b53a4990acb89e68d8fbe0992f4f83503c827f"},
    {file = "coverage-7.16.0-cp313-cp313-musllinux_1_2_x86_64.whl", hash = "sha256:c1bcfe470a796fbea6234accd81d258a31574dc0b7bf569e16be757572c4de17"},
    {file = "coverage-7.16.0-cp313-cp313-win32.whl", hash = "sha256:1420370276f1694b663207b8245c3628aafb9624fe3cebf313a13d860e55ee67"},
    {file = "coverage-7.16.0-cp313-cp313-win_amd64.whl", hash = "sha256:496277c8d7beed695e02c7be53516a0152e4caef8738a0feab6a638546cce449"},
    {file = "coverage-7.16.0-cp313-cp313-win_arm64.whl", hash = "sha256:181c2906b9b3759955c1c33c51fbb91c754fbd0b82ea49e2c81061f5a052082c"},
    {file = "coverage-7.16.0-cp314-cp314-macosx_10_15_x86_64.whl", hash = "sha256:54b7fba6a74d010de34319a0419d5b65af8c00f539ad0b6f39fc6f342ab99697"},
    {file = "coverage-7.16.0-cp314-cp314-macosx_11_0_arm64.whl", hash = "sha256:fa4ff0b3dd52208d2b30903022d5087f82000507b504753dfeee83e4f32d6883"},
    {file = "coverage-7.16.0-cp314-cp314-manylinux1_i686.manylinux_2_28_i686.manylinux_2_5_i686.whl", hash = "sha256:35a9676bf86097f790113ebd9fb67681804ef54d40941d2f10ba68c02239e575"},
    {file = "coverage-7.16.0-cp314-cp314-manylinux1_x86_64.manylinux_2_28_x86_64.manylinux_2_5_x86_64.whl", hash = "sha256:f98d438add63546745e5e847192e3e9ab897ed6f2ca96f8281e2f5a15958ae62"},
    {file = "coverage-7.16.0-cp314-cp314-manylinux2014_aarch64.manylinux_2_17_aarch64.manylinux_2_28_aarch64.whl", hash = "sha256:151855767480be14db595cbc2040f6a4db965cdfeebd354d79b0256742b029e0"},
    {file = "coverage-7.16.0-cp314-cp314-manylinux2014_ppc64le.manylinux_2_17_ppc64le.manylinux_2_28_ppc64le.whl", hash = "sha256:183613f664718b340589d7f005c7e92b4b601cffd20a8a4117cfda3e983b080f"},
    {file = "coverage-7.16.0-cp314-cp314-manylinux_2_31_riscv64.manylinux_2_39_riscv64.whl", hash = "sha256:785b114356c99c0dd5b3f57b9696cfd57b7704f4c53847df8dc88c6cc0d9bcb6"},
    {file = "coverage-7.16.0-cp314-cp314-musllinux_1_2_aarch64.whl", hash = "sha256:30f5aee6d1d517abcdfd4f9cad027969ff79a1440a22da263f9514e31b5b66e9"},
    {file = "coverage-7.16.0-cp314-cp314-musllinux_1_2_i686.whl", hash = "sha256:190ffa0f5af966254c249fb3aeaca2cef389785e3e287fd577d39e134d20f8a3"},
    {file = "coverage-7.16.0-cp314-cp314-musllinux_1_2_ppc64le.whl", hash = "sha256:0ccc37c00e1a5d30840902c54557e104d04aead872cedf6d2281c8725a467e06"},
    {file = "coverage-7.16.0-cp314-cp314-musllinux_1_2_riscv64.whl", hash = "sha256:6c60cde430c0e7e3be612973af39b4cff90ec2e2defe7b2b701daea3a0ffff04"},
    {file = "coverage-7.16.0-cp314-cp314-musllinux_1_2_x86_64.whl", hash = "sha256:c5297028c8df849a61b29129cadfe682f90b5b396f528eb319a57d7678eefdad"},
    {file = "coverage-7.16.0-cp314-cp314-win32.whl", hash = "sha256:136988df5bc5a48795d9c42c75c4bbda5d9a78e750a080c1233010edff93a1af"},
    {file = "coverage-7.16.0-cp314-cp314-win_amd64.whl", hash = "sha256:ce2ba5e9f1842fe09165825abfb3bc6b527c71a27bc2eb3a10f2284ced64506d"},
    {file = "coverage-7.16.0-cp314-cp314-win_arm64.whl", hash = "sha256:a89d07e48d9baead9a15599923a02f62c6df6c3d85aa84ef34be3c9fd6aeb91f"},
    {file = "coverage-7.16.0-cp314-cp314t-macosx_10_15_x86_64.whl", hash = "sha256:6e2854b62601c89a63814ad5def3b90d99c6724cc4cb977f75b725e5fca4b1e3"},
    {file = "coverage-7.16.0-cp314-cp314t-macosx_11_0_arm64.whl", hash = "sha256:f093faf23df888518d273be6da65f0ec5a25b5d8b670231e4d87de07361042e7"},
    {file = "coverage-7.16.0-cp314-cp314t-manylinux1_i686.manylinux_2_28_i686.manylinux_2_5_i686.whl", hash = "sha256:b7dbbbf6551eb94618e7bc76ab61cc2740a5b3d13294171bd6adb36e12346c3c"},
    {file = "coverage-7.16.0-cp314-cp314t-manylinux1_x86_64.manylinux_2_28_x86_64.manylinux_2_5_x86_64.whl", hash = "sha256:51e7d0e311d2fba3915f971236cbdd4ad821fc7a23988221c0b33c964b0eba22"},
    {file = "coverage-7.16.0-cp314-cp314t-manylinux2014_aarch64.manylinux_2_17_aarch64.manylinux_2_28_aarch64.whl", hash = "sha256:0bb04ee77e557d7476471969d35fbbfb5fc8a4152e9409aa5811780c36d9b23e"},
    {file = "coverage-7.16.0-cp314-cp314t-manylinux2014_ppc64le.manylinux_2_17_ppc64le.manylinux_2_28_ppc64le.whl", hash = "sha256:c72c9b201dc0e8c2c8821d49858fd865010d08181bf877d2320971b6464ebfd5"},
    {file = "coverage-7.16.0-cp314-cp314t-manylinux_2_31_riscv64.manylinux_2_39_riscv64.whl", hash = "sha256:0fca700cae4635656668ba6e2b66a85aac9f2622d7b2bcf82e844c409eaa1313"},
    {file = "coverage-7.16.0-cp314-cp314t-musllinux_1_2_aarch64.whl", hash = "sha256:584896fb8b650e999e24ef57e9513e482c12f8e15a73ee9d4584e23c99465867"},
    {file = "coverage-7.16.0-cp314-cp314t-musllinux_1_2_i686.whl", hash = "sha256:949eae7e0f562b1518355aaef4b03523e49a6d3fea12aa3542d9e36c863f8267"},
    {file = "coverage-7.16.0-cp314-cp314t-musllinux_1_2_ppc64le.whl", hash = "sha256:64f0611ee05364fc85cc3e5bc371804117a76fd337720e6017332fc7c534257a"},
    {file = "coverage-7.16.0-cp314-cp314t-musllinux_1_2_riscv64.whl", hash = "sha256:050a291b3cfe5e0df5999ef2fa5a7aff6e2db329f069d47eb63f02bde2e7e96b"},
    {file = "coverage-7.16.0-cp314-cp314t-musllinux_1_2_x86_64.whl", hash = "sha256:a336b1e2990a64f5c356a9b8380fb9c029d56c832b801255250c44d603271bfd"},
    {file = "coverage-7.16.0-cp314-cp314t-win32.whl", hash = "sha256:058631257350b31784ed43ceb808298b6f074edf4ebca4c7ce5082e6bf873a61"},
    {file = "coverage-7.16.0-cp314-cp314t-win_amd64.whl", hash = "sha256:ed35097438dfa980c1ec75bc83edf8acbe7a374d7007e571957a257fbd0e2fb3"},
    {file = "coverage-7.16.0-cp314-cp314t-win_arm64.whl", hash = "sha256:0466f4a5c0370461b7d8c7eb259d7d1db0b5756f13d66230b04d22a1d380ee11"},
    {file = "coverage-7.16.0-cp315-cp315-macosx_10_15_x86_64.whl", hash = "sha256:80d7d5d744a041f08637df743ac086204ec5acbcd8432a42b00b49e607358024"},
    {file = "coverage-7.16.0-cp315-cp315-macosx_11_0_arm64.whl", hash = "sha256:c5feffce90c3d602e149de1c477578efc34dee5f069f9764cc15808ce01ee15c"},
    {file = "coverage-7.16.0-cp315-cp315-manylinux1_i686.manylinux_2_28_i686.manylinux_2_5_i686.whl", hash = "sha256:acadbf2f2a18d7f9c7f119ac798c00c540d7c79c93abd71ed648c87891303633"},
    {file = "coverage-7.16.0-cp315-cp315-manylinux1_x86_64.manylinux_2_28_x86_64.manylinux_2_5_x86_64.whl", hash = "sha256:4212cec9b42fd9929e70b462732fefd8b13406371871c82f3c14397499d6550b"},
    {file = "coverage-7.16.0-cp315-cp315-manylinux2014_aarch64.manylinux_2_17_aarch64.manylinux_2_28_aarch64.whl", hash = "sha256:1c5a43cc0ef101637ae920a9eed24cf0549ef815621eae68b3ad577ec5a7ad2f"},
    {file = "coverage-7.16.0-cp315-cp315-manylinux2014_ppc64le.manylinux_2_17_ppc64le.manylinux_2_28_ppc64le.whl", hash = "sha256:c76a9b50a344261fe4a9bd20c322b48d3913cc48e8c37f78c21a596008296e68"},
    {file = "coverage-7.16.0-cp315-cp315-manylinux_2_31_riscv64.manylinux_2_39_riscv64.whl", hash = "sha256:80cf547379ad6b1878fd03b033b51188beab4b41824c96e7839e014a4cb947be"},
    {file = "coverage-7.16.0-cp315-cp315-musllinux_1_2_aarch64.whl", hash = "sha256:4b1d09cb5d8dc2c7164450f5217e6f0717497de9c588806a0780d352abef904a"},
    {file = "coverage-7.16.0-cp315-cp315-musllinux_1_2_i686.whl", hash = "sha256:cd1e85abed2d2499c16664137ac802356316f92b4e2bf3c150bdf0c45f5dd9ae"},
    {file = "coverage-7.16.0-cp315-cp315-musllinux_1_2_ppc64le.whl", hash = "sha256:360967a6fd77794c167529eec2d16ff8e38216110619d23acc3fd466a1648bee"},
    {file = "coverage-7.16.0-cp315-cp315-musllinux_1_2_riscv64.whl", hash = "sha256:92cbc2bf4f7f67c79f1d3ca4fe8c50faddf48e852a3d07eaaf02dc014889832f"},
    {file = "coverage-7.16.0-cp315-cp315-musllinux_1_2_x86_64.whl", hash = "sha256:cce4dc8528453128c6fae523b15f3887fbea1d4d7c9eb9639d3d4fdcbe570c73"},
    {file = "coverage-7.16.0-cp315-cp315-win32.whl", hash = "sha256:5205baea687133613dced668a3d0168ea1479349615bfc255849a7944988c889"},
    {file = "coverage-7.16.0-cp315-cp315-win_amd64.whl", hash = "sha256:4fcb5f07a9b7083bfb715115d27ce263ba2b5b89dddeee536b295ba0e3c2c627"},
    {file = "coverage-7.16.0-cp315-cp315-win_arm64.whl", hash = "sha256:d568a8adcec0eda42ec23e5e65dfb8c184fc255120f9e99b484f7c869d923fb9"},
    {file = "coverage-7.16.0-cp315-cp315t-macosx_10_15_x86_64.whl", hash = "sha256:3e8037e8213adf882e9d7eedd2c5c557933ab0b9632c42d98fe98ec9bcdb4025"},
    {file = "coverage-7.16.0-cp315-cp315t-macosx_11_0_arm64.whl", hash = "sha256:289f2ed4d56eebf029b649e7dfc3c1153b111962a75e294cdd8e4a1598a04cc3"},
    {file = "coverage-7.16.0-cp315-cp315t-manylinux1_i686.manylinux_2_28_i686.manylinux_2_5_i686.whl", hash = "sha256:9b83f6ac575530783771c8dcf05284f7c8b5b12f1e7cb226d63445aac4497a3a"},
    {file = "coverage-7.16.0-cp315-cp315t-manylinux1_x86_64.manylinux_2_28_x86_64.manylinux_2_5_x86_64.whl", hash = "sha256:2c3ff6580f2dfc5bec34717b85b2e6cf5ec993b721e7bb58a794babd525a8178"},
    {file = "coverage-7.16.0-cp315-cp315t-manylinux2014_aarch64.manylinux_2_17_aarch64.manylinux_2_28_aarch64.whl", hash = "sha256:507596cee23e9968b1934fe86d799b76166541af0a293930918b1b48a5c84bd2"},
    {file = "coverage-7.16.0-cp315-cp315t-manylinux2014_ppc64le.manylinux_2_17_ppc64le.manylinux_2_28_ppc64le.whl", hash = "sha256:edc2be98e6c55ccc5ff7832bb64f023a4b03dba39dfa84b850046cf08a8249b0"},
    {file = "coverage-7.16.0-cp315-cp315t-manylinux_2_31_riscv64.manylinux_2_39_riscv64.whl", hash = "sha256:9c0690994b84a15a53bdd39e0b2fdb539b22533820623eb86ba75b93760c645b"},
    {file = "coverage-7.16.0-cp315-cp315t-musllinux_1_2_aarch64.whl", hash = "sha256:de24c62bf798940a14674a47489a81b79915ec4134f556d5199830e065225dd0"},
    {file = "coverage-7.16.0-cp315-cp315t-musllinux_1_2_i686.whl", hash = "sha256:69474d81f198774c9d2937599ca5da04c9e1c5de5032da23c607ce4960ce360e"},
    {file = "coverage-7.16.0-cp315-cp315t-musllinux_1_2_ppc64le.whl", hash = "sha256:72a0795cc6d34acc2b03dfeabdc82b61b72087f2737018b56ac92c1cf5446c54"},
    {file = "coverage-7.16.0-cp315-cp315t-musllinux_1_2_riscv64.whl", hash = "sha256:d9a218d3f9c7d6916684ed5ba94f620661117a730e733cd6ef5e87accc5872eb"},
    {file = "coverage-7.16.0-cp315-cp315t-musllinux_1_2_x86_64.whl", hash = "sha256:49fa72ead28c8216f8916398a4f3c4669acb30a061822810ee20a727a1be2897"},
    {file = "coverage-7.16.0-cp315-cp315t-win32.whl", hash = "sha256:27461af9f3ed7d2cf2411eb083784f87055ebf42211789ae3a216c48609bc743"},
    {file = "coverage-7.16.0-cp315-cp315t-win_amd64.whl", hash = "sha256:c5612cc20ca76abc883e50269af47c1494b42958bb63dbb9aa79729a1ab5f7d3"},
    {file = "coverage-7.16.0-cp315-cp315t-win_arm64.whl", hash = "sha256:2ddaa9e2af4760a329d80008b7a3b4762fbb0dbcb169199360f9a5179c32f2dc"},
    {file = "coverage-7.16.0-py3-none-any.whl", hash = "sha256:245f7de6d023a5bba375dbec9f2e0869bfa26ac0cc639bbb7b4c814884000b73"},
    {file = "coverage-7.16.0.tar.gz", hash = "sha256:077f0964087883176ff6ab9b074694cae29f8c708273b13ca62c183c6ed716cd"},
]

[package.extras]
toml = ["tomli"]

[[package]]
name = "dill"
version = "0.3.7"
description = "serialize all of Python"
optional = false
python-versions = ">=3.7"
files = [
    {file = "dill-0.3.7-py3-none-any.whl", hash = "sha256:76b122c08ef4ce2eedcd4d1abd8e641114bfc6c2867f49f3c41facf65bf19f5e"},
    {file = "dill-0.3.7.tar.gz", hash = "sha256:cc1c8b182eb3013e24bd475ff2e9295af86c1a38eb1aff128dac8962a9ce3c03"},
]

[package.extras]
graph = ["objgraph (>=1.7.2)"]

[[package]]
name = "django"
version = "5.0.1"
description = "A high-level Python web framework that encourages rapid development and clean, pragmatic design."
optional = false
python-versions = ">=3.10"
files = [
    {file = "Django-5.0.1-py3-none-any.whl", hash = "sha256:f47a37a90b9bbe2c8ec360235192c7fddfdc832206fcf618bb849b39256affc1"},
    {file = "Django-5.0.1.tar.gz", hash = "sha256:8c8659665bc6e3a44fefe1ab0a291e5a3fb3979f9a8230be29de975e57e8f854"},
]

[package.dependencies]
asgiref = ">=3.7.0,<4"
sqlparse = ">=0.3.1"
tzdata = {version = "*", markers = "sys_platform == \"win32\""}

[package.extras]
argon2 = ["argon2-cffi (>=19.1.0)"]
bcrypt = ["bcrypt"]

[[package]]
name = "django-environ"
version = "0.11.2"
description = "A package that allows you to utilize 12factor inspired environment variables to configure your Django application."
optional = false
python-versions = ">=3.6,<4"
files = [
    {file = "django-environ-0.11.2.tar.gz", hash = "sha256:f32a87aa0899894c27d4e1776fa6b477e8164ed7f6b3e410a62a6d72caaf64be"},
    {file = "django_environ-0.11.2-py2.py3-none-any.whl", hash = "sha256:0ff95ab4344bfeff693836aa978e6840abef2e2f1145adff7735892711590c05"},
]

[package.extras]
develop = ["coverage[toml] (>=5.0a4)", "furo (>=2021.8.17b43,<2021.9.dev0)", "pytest (>=4.6.11)", "sphinx (>=3.5.0)", "sphinx-notfound-page"]
docs = ["furo (>=2021.8.17b43,<2021.9.dev0)", "sphinx (>=3.5.0)", "sphinx-notfound-page"]
testing = ["coverage[toml] (>=5.0a4)", "pytest (>=4.6.11)"]

[[package]]
name = "exceptiongroup"
version = "1.2.0"
description = "Backport of PEP 654 (exception groups)"
optional = false
python-versions = ">=3.7"
files = [
    {file = "exceptiongroup-1.2.0-py3-none-any.whl", hash = "sha256:4bfd3996ac73b41e9b9628b04e079f193850720ea5945fc96a08633c66912f14"},
    {file = "exceptiongroup-1.2.0.tar.gz", hash = "sha256:91f5c769735f051a4290d52edd0858999b57e5876e9f85937691bd4c9fa3ed68"},
]

[package.extras]
test = ["pytest (>=6)"]

[[package]]
name = "flake8"
version = "7.0.0"
description = "the modular source code checker: pep8 pyflakes and co"
optional = false
python-versions = ">=3.8.1"
files = [
    {file = "flake8-7.0.0-py2.py3-none-any.whl", hash = "sha256:a6dfbb75e03252917f2473ea9653f7cd799c3064e54d4c8140044c5c065f53c3"},
    {file = "flake8-7.0.0.tar.gz", hash = "sha256:33f96621059e65eec474169085dc92bf26e7b2d47366b70be2f67ab80dc25132"},
]

[package.dependencies]
mccabe = ">=0.7.0,<0.8.0"
pycodestyle = ">=2.11.0,<2.12.0"
pyflakes = ">=3.2.0,<3.3.0"

[[package]]
name = "iniconfig"
version = "2.0.0"
description = "brain-dead simple config-ini parsing"
optional = false
python-versions = ">=3.7"
files = [
    {file = "iniconfig-2.0.0-py3-none-any.whl", hash = "sha256:b6a85871a79d2e3b22d2d1b94ac2824226a63c6b741c88f7ae975f18b6778374"},
    {file = "iniconfig-2.0.0.tar.gz", hash = "sha256:2d91e135bf72d31a410b17c16da610a82cb55f6b0477d1a902134b24a455b8b3"},
]

[[package]]
name = "isort"
version = "5.13.2"
description = "A Python utility / library to sort Python imports."
optional = false
python-versions = ">=3.8.0"
files = [
    {file = "isort-5.13.2-py3-none-any.whl", hash = "sha256:8ca5e72a8d85860d5a3fa69b8745237f2939afe12dbf656afbcb47fe72d947a6"},
    {file = "isort-5.13.2.tar.gz", hash = "sha256:48fdfcb9face5d58a4f6dde2e72a1fb8dcaf8ab26f95ab49fab84c2ddefb0109"},
]

[package.extras]
colors = ["colorama (>=0.4.6)"]

[[package]]
name = "mccabe"
version = "0.7.0"
description = "McCabe checker, plugin for flake8"
optional = false
python-versions = ">=3.6"
files = [
    {file = "mccabe-0.7.0-py2.py3-none-any.whl", hash = "sha256:6c2d30ab6be0e4a46919781807b4f0d834ebdd6c6e3dca0bda5a15f863427b6e"},
    {file = "mccabe-0.7.0.tar.gz", hash = "sha256:348e0240c33b60bbdf4e523192ef919f28cb2c3d7d5c7794f74009290f236325"},
]

[[package]]
name = "mypy"
version = "1.8.0"
description = "Optional static typing for Python"
optional = false
python-versions = ">=3.8"
files = [
    {file = "mypy-1.8.0-cp310-cp310-macosx_10_9_x86_64.whl", hash = "sha256:485a8942f671120f76afffff70f259e1cd0f0cfe08f81c05d8816d958d4577d3"},
    {file = "mypy-1.8.0-cp310-cp310-macosx_11_0_arm64.whl", hash = "sha256:df9824ac11deaf007443e7ed2a4a26bebff98d2bc43c6da21b2b64185da011c4"},
    {file = "mypy-1.8.0-cp310-cp310-manylinux_2_17_x86_64.manylinux2014_x86_64.whl", hash = "sha256:2afecd6354bbfb6e0160f4e4ad9ba6e4e003b767dd80d85516e71f2e955ab50d"},
    {file = "mypy-1.8.0-cp310-cp310-musllinux_1_1_x86_64.whl", hash = "sha256:8963b83d53ee733a6e4196954502b33567ad07dfd74851f32be18eb932fb1cb9"},
    {file = "mypy-1.8.0-cp310-cp310-win_amd64.whl", hash = "sha256:e46f44b54ebddbeedbd3d5b289a893219065ef805d95094d16a0af6630f5d410"},
    {file = "mypy-1.8.0-cp311-cp311-macosx_10_9_x86_64.whl", hash = "sha256:855fe27b80375e5c5878492f0729540db47b186509c98dae341254c8f45f42ae"},
    {file = "mypy-1.8.0-cp311-cp311-macosx_11_0_arm64.whl", hash = "sha256:4c886c6cce2d070bd7df4ec4a05a13ee20c0aa60cb587e8d1265b6c03cf91da3"},
    {file = "mypy-1.8.0-cp311-cp311-manylinux_2_17_x86_64.manylinux2014_x86_64.whl", hash = "sha256:d19c413b3c07cbecf1f991e2221746b0d2a9410b59cb3f4fb9557f0365a1a817"},
    {file = "mypy-1.8.0-cp311-cp311-musllinux_1_1_x86_64.whl", hash = "sha256:9261ed810972061388918c83c3f5cd46079d875026ba97380f3e3978a72f503d"},
    {file = "mypy-1.8.0-cp311-cp311-win_amd64.whl", hash = "sha256:51720c776d148bad2372ca21ca29256ed483aa9a4cdefefcef49006dff2a6835"},
    {file = "mypy-1.8.0-cp312-cp312-macosx_10_9_x86_64.whl", hash = "sha256:52825b01f5c4c1c4eb0db253ec09c7aa17e1a7304d247c48b6f3599ef40db8bd"},
    {file = "mypy-1.8.0-cp312-cp312-macosx_11_0_arm64.whl", hash = "sha256:f5ac9a4eeb1ec0f1ccdc6f326bcdb464de5f80eb07fb38b5ddd7b0de6bc61e55"},
    {file = "mypy-1.8.0-cp312-cp312-manylinux_2_17_x86_64.manylinux2014_x86_64.whl", hash = "sha256:afe3fe972c645b4632c563d3f3eff1cdca2fa058f730df2b93a35e3b0c538218"},
    {file = "mypy-1.8.0-cp312-cp312-musllinux_1_1_x86_64.whl", hash = "sha256:42c6680d256ab35637ef88891c6bd02514ccb7e1122133ac96055ff458f93fc3"},
    {file = "mypy-1.8.0-cp312-cp312-win_amd64.whl", hash = "sha256:720a5ca70e136b675af3af63db533c1c8c9181314d207568bbe79051f122669e"},
    {file = "mypy-1.8.0-cp38-cp38-macosx_10_9_x86_64.whl", hash = "sha256:028cf9f2cae89e202d7b6593cd98db6759379f17a319b5faf4f9978d7084cdc6"},
    {file = "mypy-1.8.0-cp38-cp38-macosx_11_0_arm64.whl", hash = "sha256:4e6d97288757e1ddba10dd9549ac27982e3e74a49d8d0179fc14d4365c7add66"},
    {file = "mypy-1.8.0-cp38-cp38-manylinux_2_17_x86_64.manylinux2014_x86_64.whl", hash = "sha256:7f1478736fcebb90f97e40aff11a5f253af890c845ee0c850fe80aa060a267c6"},
    {file = "mypy-1.8.0-cp38-cp38-musllinux_1_1_x86_64.whl", hash = "sha256:42419861b43e6962a649068a61f4a4839205a3ef525b858377a960b9e2de6e0d"},
    {file = "mypy-1.8.0-cp38-cp38-win_amd64.whl", hash = "sha256:2b5b6c721bd4aabaadead3a5e6fa85c11c6c795e0c81a7215776ef8afc66de02"},
    {file = "mypy-1.8.0-cp39-cp39-macosx_10_9_x86_64.whl", hash = "sha256:5c1538c38584029352878a0466f03a8ee7547d7bd9f641f57a0f3017a7c905b8"},
    {file = "mypy-1.8.0-cp39-cp39-macosx_11_0_arm64.whl", hash = "sha256:4ef4be7baf08a203170f29e89d79064463b7fc7a0908b9d0d5114e8009c3a259"},
    {file = "mypy-1.8.0-cp39-cp39-manylinux_2_17_x86_64.manylinux2014_x86_64.whl", hash = "sha256:7178def594014aa6c35a8ff411cf37d682f428b3b5617ca79029d8ae72f5402b"},
    {file = "mypy-1.8.0-cp39-cp39-musllinux_1_1_x86_64.whl", hash = "sha256:ab3c84fa13c04aeeeabb2a7f67a25ef5d77ac9d6486ff33ded762ef353aa5592"},
    {file = "mypy-1.8.0-cp39-cp39-win_amd64.whl", hash = "sha256:99b00bc72855812a60d253420d8a2eae839b0afa4938f09f4d2aa9bb4654263a"},
    {file = "mypy-1.8.0-py3-none-any.whl", hash = "sha256:538fd81bb5e430cc1381a443971c0475582ff9f434c16cd46d2c66763ce85d9d"},
    {file = "mypy-1.8.0.tar.gz", hash = "sha256:6ff8b244d7085a0b425b56d327b480c3b29cafbd2eff27316a004f9a7391ae07"},
]

[package.dependencies]
mypy-extensions = ">=1.0.0"
tomli = {version = ">=1.1.0", markers = "python_version < \"3.11\""}
typing-extensions = ">=4.1.0"

[package.extras]
dmypy = ["psutil (>=4.0)"]
install-types = ["pip"]
mypyc = ["setuptools (>=50)"]
reports = ["lxml"]

[[package]]
name = "mypy-extensions"
version = "1.0.0"
description = "Type system extensions for programs checked with the mypy type checker."
optional = false
python-versions = ">=3.5"
files = [
    {file = "mypy_extensions-1.0.0-py3-none-any.whl", hash = "sha256:4392f6c0eb8a5668a69e23d168ffa70f0be9ccfd32b5cc2d26a34ae5b844552d"},
    {file = "mypy_extensions-1.0.0.tar.gz", hash = "sha256:75dbf8955dc00442a438fc4d0666508a9a97b6bd41aa2f0ffe9d2f2725af0782"},
]

[[package]]
name = "mysqlclient"
version = "2.2.1"
description = "Python interface to MySQL"
optional = false
python-versions = ">=3.8"
files = [
    {file = "mysqlclient-2.2.1-cp310-cp310-win_amd64.whl", hash = "sha256:c5a293baebbfcfa2905545198a54e90f1cf00f211eae6637d24930abb6432cba"},
    {file = "mysqlclient-2.2.1-cp311-cp311-win_amd64.whl", hash = "sha256:8f40c872f19639366e3df27bef2ff087be0e3ee0bd3453470bd29f46b54a90f6"},
    {file = "mysqlclient-2.2.1-cp312-cp312-win_amd64.whl", hash = "sha256:45600f4f321096bd1ead3355bc62cfcf8d97dc78df94e4ab5db72ecb5db1bd04"},
    {file = "mysqlclient-2.2.1-cp38-cp38-win_amd64.whl", hash = "sha256:1f8889cc5f0141bb307b915e981a66793df663ace92259344661084a7dd8d12a"},
    {file = "mysqlclient-2.2.1-cp39-cp39-win_amd64.whl", hash = "sha256:9db6305cdf2a1da350f827d2a19be7f2666eafd9eb8d4f7cbbac5df847d61b99"},
    {file = "mysqlclient-2.2.1-pp310-pypy310_pp73-win_amd64.whl", hash = "sha256:97eee76818774bb695e018ff4c3dafaab74b9a0b0cf32c90b02caeec3b19cd8e"},
    {file = "mysqlclient-2.2.1-pp38-pypy38_pp73-win_amd64.whl", hash = "sha256:4fabe1f4b545ed6244ad0ff426e6b27054b7e5c5b1392be0de2e5f2f59be0392"},
    {file = "mysqlclient-2.2.1-pp39-pypy39_pp73-win_amd64.whl", hash = "sha256:641a7c9de443ddef186a0e89f24b4251ad44f4ddc5e7094332bf2d286d7c9e33"},
    {file = "mysqlclient-2.2.1.tar.gz", hash = "sha256:2c7ad15b87293b12fd44b47c46879ec95ec647f4567e866ccd70b8337584e9b2"},
]

[[package]]
name = "packaging"
version = "23.2"
description = "Core utilities for Python packages"
optional = false
python-versions = ">=3.7"
files = [
    {file = "packaging-23.2-py3-none-any.whl", hash = "sha256:8c491190033a9af7e1d931d0b5dacc2ef47509b34dd0de67ed209b5203fc88c7"},
    {file = "packaging-23.2.tar.gz", hash = "sha256:048fb0e9405036518eaaf48a55953c750c11e1a1b68e0dd1a9d62ed0c092cfc5"},
]

[[package]]
name = "pathspec"
version = "0.12.1"
description = "Utility library for gitignore style pattern matching of file paths."
optional = false
python-versions = ">=3.8"
files = [
    {file = "pathspec-0.12.1-py3-none-any.whl", hash = "sha256:a0d503e138a4c123b27490a4f7beda6a01c6f288df0e4a8b79c7eb0dc7b4cc08"},
    {file = "pathspec-0.12.1.tar.gz", hash = "sha256:a482d51503a1ab33b1c67a6c3813a26953dbdc71c31dacaef9a838c4e29f5712"},
]

[[package]]
name = "platformdirs"
version = "4.1.0"
description = "A small Python package for determining appropriate platform-specific dirs, e.g. a \"user data dir\"."
optional = false
python-versions = ">=3.8"
files = [
    {file = "platformdirs-4.1.0-py3-none-any.whl", hash = "sha256:11c8f37bcca40db96d8144522d925583bdb7a31f7b0e37e3ed4318400a8e2380"},
    {file = "platformdirs-4.1.0.tar.gz", hash = "sha256:906d548203468492d432bcb294d4bc2fff751bf84971fbb2c10918cc206ee420"},
]

[package.extras]
docs = ["furo (>=2023.7.26)", "proselint (>=0.13)", "sphinx (>=7.1.1)", "sphinx-autodoc-typehints (>=1.24)"]
test = ["appdirs (==1.4.4)", "covdefaults (>=2.3)", "pytest (>=7.4)", "pytest-cov (>=4.1)", "pytest-mock (>=3.11.1)"]

[[package]]
name = "pluggy"
version = "1.3.0"
description = "plugin and hook calling mechanisms for python"
optional = false
python-versions = ">=3.8"
files = [
    {file = "pluggy-1.3.0-py3-none-any.whl", hash = "sha256:d89c696a773f8bd377d18e5ecda92b7a3793cbe66c87060a6fb58c7b6e1061f7"},
    {file = "pluggy-1.3.0.tar.gz", hash = "sha256:cf61ae8f126ac6f7c451172cf30e3e43d3ca77615509771b3a984a0730651e12"},
]

[package.extras]
dev = ["pre-commit", "tox"]
testing = ["pytest", "pytest-benchmark"]

[[package]]
name = "pycodestyle"
version = "2.11.1"
description = "Python style guide checker"
optional = false
python-versions = ">=3.8"
files = [
    {file = "pycodestyle-2.11.1-py2.py3-none-any.whl", hash = "sha256:44fe31000b2d866f2e41841b18528a505fbd7fef9017b04eff4e2648a0fadc67"},
    {file = "pycodestyle-2.11.1.tar.gz", hash = "sha256:41ba0e7afc9752dfb53ced5489e89f8186be00e599e712660695b7a75ff2663f"},
]

[[package]]
name = "pyflakes"
version = "3.2.0"
description = "passive checker of Python programs"
optional = false
python-versions = ">=3.8"
files = [
    {file = "pyflakes-3.2.0-py2.py3-none-any.whl", hash = "sha256:84b5be138a2dfbb40689ca07e2152deb896a65c3a3e24c251c5c62489568074a"},
    {file = "pyflakes-3.2.0.tar.gz", hash = "sha256:1c61603ff154621fb2a9172037d84dca3500def8c8b630657d1701f026f8af3f"},
]

[[package]]
name = "pylint"
version = "3.0.3"
description = "python code static checker"
optional = false
python-versions = ">=3.8.0"
files = [
    {file = "pylint-3.0.3-py3-none-any.whl", hash = "sha256:7a1585285aefc5165db81083c3e06363a27448f6b467b3b0f30dbd0ac1f73810"},
    {file = "pylint-3.0.3.tar.gz", hash = "sha256:58c2398b0301e049609a8429789ec6edf3aabe9b6c5fec916acd18639c16de8b"},
]

[package.dependencies]
astroid = ">=3.0.1,<=3.1.0-dev0"
colorama = {version = ">=0.4.5", markers = "sys_platform == \"win32\""}
dill = [
    {version = ">=0.2", markers = "python_version < \"3.11\""},
    {version = ">=0.3.7", markers = "python_version >= \"3.12\""},
    {version = ">=0.3.6", markers = "python_version >= \"3.11\" and python_version < \"3.12\""},
]
isort = ">=4.2.5,<5.13.0 || >5.13.0,<6"
mccabe = ">=0.6,<0.8"
platformdirs = ">=2.2.0"
tomli = {version = ">=1.1.0", markers = "python_version < \"3.11\""}
tomlkit = ">=0.10.1"

[package.extras]
spelling = ["pyenchant (>=3.2,<4.0)"]
testutils = ["gitpython (>3)"]

[[package]]
name = "pytest"
version = "7.4.4"
description = "pytest: simple powerful testing with Python"
optional = false
python-versions = ">=3.7"
files = [
    {file = "pytest-7.4.4-py3-none-any.whl", hash = "sha256:b090cdf5ed60bf4c45261be03239c2c1c22df034fbffe691abe93cd80cea01d8"},
    {file = "pytest-7.4.4.tar.gz", hash = "sha256:2cf0005922c6ace4a3e2ec8b4080eb0d9753fdc93107415332f50ce9e7994280"},
]

[package.dependencies]
colorama = {version = "*", markers = "sys_platform == \"win32\""}
exceptiongroup = {version = ">=1.0.0rc8", markers = "python_version < \"3.11\""}
iniconfig = "*"
packaging = "*"
pluggy = ">=0.12,<2.0"
tomli = {version = ">=1.0.0", markers = "python_version < \"3.11\""}

[package.extras]
testing = ["argcomplete", "attrs (>=19.2.0)", "hypothesis (>=3.56)", "mock", "nose", "pygments (>=2.7.2)", "requests", "setuptools", "xmlschema"]

[[package]]
name = "python-dotenv"
version = "1.0.0"
description = "Read key-value pairs from a .env file and set them as environment variables"
optional = false
python-versions = ">=3.8"
files = [
    {file = "python-dotenv-1.0.0.tar.gz", hash = "sha256:a8df96034aae6d2d50a4ebe8216326c61c3eb64836776504fcca410e5937a3ba"},
    {file = "python_dotenv-1.0.0-py3-none-any.whl", hash = "sha256:f5971a9226b701070a4bf2c38c89e5a3f0d64de8debda981d1db98583009122a"},
]

[package.extras]
cli = ["click (>=5.0)"]

[[package]]
name = "sqlparse"
version = "0.4.4"
description = "A non-validating SQL parser."
optional = false
python-versions = ">=3.5"
files = [
    {file = "sqlparse-0.4.4-py3-none-any.whl", hash = "sha256:5430a4fe2ac7d0f93e66f1efc6e1338a41884b7ddf2a350cedd20ccc4d9d28f3"},
    {file = "sqlparse-0.4.4.tar.gz", hash = "sha256:d446183e84b8349fa3061f0fe7f06ca94ba65b426946ffebe6e3e8295332420c"},
]

[package.extras]
dev = ["build", "flake8"]
doc = ["sphinx"]
test = ["pytest", "pytest-cov"]

[[package]]
name = "tomli"
version = "2.0.1"
description = "A lil' TOML parser"
optional = false
python-versions = ">=3.7"
files = [
    {file = "tomli-2.0.1-py3-none-any.whl", hash = "sha256:939de3e7a6161af0c887ef91b7d41a53e7c5a1ca976325f429cb46ea9bc30ecc"},
    {file = "tomli-2.0.1.tar.gz", hash = "sha256:de526c12914f0c550d15924c62d72abc48d6fe7364aa87328337a31007fe8a4f"},
]

[[package]]
name = "tomlkit"
version = "0.12.3"
description = "Style preserving TOML library"
optional = false
python-versions = ">=3.7"
files = [
    {file = "tomlkit-0.12.3-py3-none-any.whl", hash = "sha256:b0a645a9156dc7cb5d3a1f0d4bab66db287fcb8e0430bdd4664a095ea16414ba"},
    {file = "tomlkit-0.12.3.tar.gz", hash = "sha256:75baf5012d06501f07bee5bf8e801b9f343e7aac5a92581f20f80ce632e6b5a4"},
]

[[package]]
name = "typing-extensions"
version = "4.9.0"
description = "Backported and Experimental Type Hints for Python 3.8+"
optional = false
python-versions = ">=3.8"
files = [
    {file = "typing_extensions-4.9.0-py3-none-any.whl", hash = "sha256:af72aea155e91adfc61c3ae9e0e342dbc0cba726d6cba4b6c72c1f34e47291cd"},
    {file = "typing_extensions-4.9.0.tar.gz", hash = "sha256:23478f88c37f27d76ac8aee6c905017a143b0b1b886c3c9f66bc2fd94f9f5783"},
]

[[package]]
name = "tzdata"
version = "2023.4"
description = "Provider of IANA time zone data"
optional = false
python-versions = ">=2"
files = [
    {file = "tzdata-2023.4-py2.py3-none-any.whl", hash = "sha256:aa3ace4329eeacda5b7beb7ea08ece826c28d761cda36e747cfbf97996d39bf3"},
    {file = "tzdata-2023.4.tar.gz", hash = "sha256:dd54c94f294765522c77399649b4fefd95522479a664a0cec87f41bebc6148c9"},
]

[[package]]
name = "uwsgi"
version = "2.0.23"
description = "The uWSGI server"
optional = false
python-versions = "*"
files = [
    {file = "uwsgi-2.0.23.tar.gz", hash = "sha256:0cafda0c16f921db7fe42cfaf81b167cf884ee17350efbdd87d1ecece2d7de37"},
]

[metadata]
lock-version = "2.0"
python-versions = ">=3.10,<4.0"
content-hash = "a52b393d73bdb15d7f86f7e73ca6a0e24b098307d70f252542341aab5e0400a9"
